// !$*UTF8*$!
{
	archiveVersion = 1;
	classes = {};
	objectVersion = 56;
	objects = {

/* Begin PBXBuildFile section */
		D202AD1E6A5244A0A837AA04 /* App/AppModel.swift in Sources */ = {isa = PBXBuildFile; fileRef = EEAC0897835149DBA37814A5 /* App/AppModel.swift */; };
		335D7916B8B74BBEBAFF0756 /* App/EstateOSTvApp.swift in Sources */ = {isa = PBXBuildFile; fileRef = 7511E1E749E94D118C4ABA8B /* App/EstateOSTvApp.swift */; };
		CAB77A62DAA142FFB72BB0EA /* App/RootView.swift in Sources */ = {isa = PBXBuildFile; fileRef = 07F2093E967C4B85B887C92B /* App/RootView.swift */; };
		DDEE2B2F7A074423968F8BA4 /* Core/AppConfig.swift in Sources */ = {isa = PBXBuildFile; fileRef = 7EC50670F2C244DB9691F495 /* Core/AppConfig.swift */; };
		3DDC8ABD811B467782A3A0F7 /* Core/CarPresentation.swift in Sources */ = {isa = PBXBuildFile; fileRef = 3D66DE6598C64C3DB5454DEE /* Core/CarPresentation.swift */; };
		6C5AE516DFA74B5E9C069CBF /* Core/Models.swift in Sources */ = {isa = PBXBuildFile; fileRef = EE069DAF15F24EB387701EB7 /* Core/Models.swift */; };
		693A7826076A4996B68EDFD8 /* Core/OfferPresentation.swift in Sources */ = {isa = PBXBuildFile; fileRef = E74F778EF574483892C179AC /* Core/OfferPresentation.swift */; };
		AB5FE4B8692D412E92BB253F /* Core/SessionStore.swift in Sources */ = {isa = PBXBuildFile; fileRef = DE5CF8C81C104D5CA76D1149 /* Core/SessionStore.swift */; };
		05C771EDEA06455D8F8C0E2B /* Core/TvDeepLink.swift in Sources */ = {isa = PBXBuildFile; fileRef = E5C1C36FD79947579013C77D /* Core/TvDeepLink.swift */; };
		B3B428CE722F4B05BDECE699 /* Core/TvPreferences.swift in Sources */ = {isa = PBXBuildFile; fileRef = C42C3B5AADD846939FEA6C60 /* Core/TvPreferences.swift */; };
		7D8B62A43D9948B289D40D98 /* Services/EstateAPIClient.swift in Sources */ = {isa = PBXBuildFile; fileRef = ABDEAA4CB314427786E94044 /* Services/EstateAPIClient.swift */; };
		A7388DED23E64336BDC77E99 /* Theme/EOSTvStyle.swift in Sources */ = {isa = PBXBuildFile; fileRef = 4CEE03961C604AF3803B139F /* Theme/EOSTvStyle.swift */; };
		C0096383B5504E2D857A75FC /* Views/CarDetailView.swift in Sources */ = {isa = PBXBuildFile; fileRef = 5DD5483A650448E59158AA7E /* Views/CarDetailView.swift */; };
		68A6080BFAA34AA498DB24D3 /* Views/CatalogComponents.swift in Sources */ = {isa = PBXBuildFile; fileRef = FA1042F857B74B5FA708A482 /* Views/CatalogComponents.swift */; };
		43B2D04DEE90428A9FB43A17 /* Views/Components/EOSAdaptiveTitle.swift in Sources */ = {isa = PBXBuildFile; fileRef = A0A5DB5709D64BEA9598DB14 /* Views/Components/EOSAdaptiveTitle.swift */; };
		A449E2872B9D430DB408ED99 /* Views/ContactQrSheet.swift in Sources */ = {isa = PBXBuildFile; fileRef = 88BFA89DA2164B5D8E680E3B /* Views/ContactQrSheet.swift */; };
		CC72DE1E32ED4ADC8A5D1292 /* Views/HomeView.swift in Sources */ = {isa = PBXBuildFile; fileRef = EEA17759CF77463B8722750F /* Views/HomeView.swift */; };
		19FC38083EE446EE9D131207 /* Views/ImmersiveCarBrowseView.swift in Sources */ = {isa = PBXBuildFile; fileRef = EB2AF8E7E00044EB8F15AA43 /* Views/ImmersiveCarBrowseView.swift */; };
		E5BAD8E21066430B8A7499E4 /* Views/LoginView.swift in Sources */ = {isa = PBXBuildFile; fileRef = 3B5F2014AA4C4D7690CE998C /* Views/LoginView.swift */; };
		5BEE3D36327F46D287F9A0F0 /* Views/OfferDetailView.swift in Sources */ = {isa = PBXBuildFile; fileRef = 53720B51689A4E4E80048F23 /* Views/OfferDetailView.swift */; };
		8B329077DFF547EABA752DAE /* Views/SearchView.swift in Sources */ = {isa = PBXBuildFile; fileRef = AF8CC72EC7954D1AB59B44A2 /* Views/SearchView.swift */; };
		09A23C7A46104BB6B8E945C4 /* Views/TopShelfImmersiveView.swift in Sources */ = {isa = PBXBuildFile; fileRef = B7458567A7C64BC68DE9C11E /* Views/TopShelfImmersiveView.swift */; };
		15264ABC676447C3847B1466 /* Resources/Assets.xcassets in Resources */ = {isa = PBXBuildFile; fileRef = 1954507453E944179B1B1C8B /* Resources/Assets.xcassets */; };
/* End PBXBuildFile section */

/* Begin PBXFileReference section */
		90DB4C60D2A441D99921AE8D /* EstateOS.app */ = {isa = PBXFileReference; explicitFileType = wrapper.application; includeInIndex = 0; path = EstateOS.app; sourceTree = BUILT_PRODUCTS_DIR; };
		EEAC0897835149DBA37814A5 /* App/AppModel.swift */ = {isa = PBXFileReference; lastKnownFileType = sourcecode.swift; path = AppModel.swift; sourceTree = "<group>"; };
		7511E1E749E94D118C4ABA8B /* App/EstateOSTvApp.swift */ = {isa = PBXFileReference; lastKnownFileType = sourcecode.swift; path = EstateOSTvApp.swift; sourceTree = "<group>"; };
		07F2093E967C4B85B887C92B /* App/RootView.swift */ = {isa = PBXFileReference; lastKnownFileType = sourcecode.swift; path = RootView.swift; sourceTree = "<group>"; };
		7EC50670F2C244DB9691F495 /* Core/AppConfig.swift */ = {isa = PBXFileReference; lastKnownFileType = sourcecode.swift; path = AppConfig.swift; sourceTree = "<group>"; };
		3D66DE6598C64C3DB5454DEE /* Core/CarPresentation.swift */ = {isa = PBXFileReference; lastKnownFileType = sourcecode.swift; path = CarPresentation.swift; sourceTree = "<group>"; };
		EE069DAF15F24EB387701EB7 /* Core/Models.swift */ = {isa = PBXFileReference; lastKnownFileType = sourcecode.swift; path = Models.swift; sourceTree = "<group>"; };
		E74F778EF574483892C179AC /* Core/OfferPresentation.swift */ = {isa = PBXFileReference; lastKnownFileType = sourcecode.swift; path = OfferPresentation.swift; sourceTree = "<group>"; };
		DE5CF8C81C104D5CA76D1149 /* Core/SessionStore.swift */ = {isa = PBXFileReference; lastKnownFileType = sourcecode.swift; path = SessionStore.swift; sourceTree = "<group>"; };
		E5C1C36FD79947579013C77D /* Core/TvDeepLink.swift */ = {isa = PBXFileReference; lastKnownFileType = sourcecode.swift; path = TvDeepLink.swift; sourceTree = "<group>"; };
		C42C3B5AADD846939FEA6C60 /* Core/TvPreferences.swift */ = {isa = PBXFileReference; lastKnownFileType = sourcecode.swift; path = TvPreferences.swift; sourceTree = "<group>"; };
		ABDEAA4CB314427786E94044 /* Services/EstateAPIClient.swift */ = {isa = PBXFileReference; lastKnownFileType = sourcecode.swift; path = EstateAPIClient.swift; sourceTree = "<group>"; };
		4CEE03961C604AF3803B139F /* Theme/EOSTvStyle.swift */ = {isa = PBXFileReference; lastKnownFileType = sourcecode.swift; path = EOSTvStyle.swift; sourceTree = "<group>"; };
		5DD5483A650448E59158AA7E /* Views/CarDetailView.swift */ = {isa = PBXFileReference; lastKnownFileType = sourcecode.swift; path = CarDetailView.swift; sourceTree = "<group>"; };
		FA1042F857B74B5FA708A482 /* Views/CatalogComponents.swift */ = {isa = PBXFileReference; lastKnownFileType = sourcecode.swift; path = CatalogComponents.swift; sourceTree = "<group>"; };
		A0A5DB5709D64BEA9598DB14 /* Views/Components/EOSAdaptiveTitle.swift */ = {isa = PBXFileReference; lastKnownFileType = sourcecode.swift; path = EOSAdaptiveTitle.swift; sourceTree = "<group>"; };
		88BFA89DA2164B5D8E680E3B /* Views/ContactQrSheet.swift */ = {isa = PBXFileReference; lastKnownFileType = sourcecode.swift; path = ContactQrSheet.swift; sourceTree = "<group>"; };
		EEA17759CF77463B8722750F /* Views/HomeView.swift */ = {isa = PBXFileReference; lastKnownFileType = sourcecode.swift; path = HomeView.swift; sourceTree = "<group>"; };
		EB2AF8E7E00044EB8F15AA43 /* Views/ImmersiveCarBrowseView.swift */ = {isa = PBXFileReference; lastKnownFileType = sourcecode.swift; path = ImmersiveCarBrowseView.swift; sourceTree = "<group>"; };
		3B5F2014AA4C4D7690CE998C /* Views/LoginView.swift */ = {isa = PBXFileReference; lastKnownFileType = sourcecode.swift; path = LoginView.swift; sourceTree = "<group>"; };
		53720B51689A4E4E80048F23 /* Views/OfferDetailView.swift */ = {isa = PBXFileReference; lastKnownFileType = sourcecode.swift; path = OfferDetailView.swift; sourceTree = "<group>"; };
		AF8CC72EC7954D1AB59B44A2 /* Views/SearchView.swift */ = {isa = PBXFileReference; lastKnownFileType = sourcecode.swift; path = SearchView.swift; sourceTree = "<group>"; };
		B7458567A7C64BC68DE9C11E /* Views/TopShelfImmersiveView.swift */ = {isa = PBXFileReference; lastKnownFileType = sourcecode.swift; path = TopShelfImmersiveView.swift; sourceTree = "<group>"; };
		1954507453E944179B1B1C8B /* Resources/Assets.xcassets */ = {isa = PBXFileReference; lastKnownFileType = folder.assetcatalog; path = Assets.xcassets; sourceTree = "<group>"; };
/* End PBXFileReference section */

/* Begin PBXFrameworksBuildPhase section */
		6D39C275A6AF4DF0BA4A9490 = {isa = PBXFrameworksBuildPhase; buildActionMask = 2147483647; files = (); runOnlyForDeploymentPostprocessing = 0; };
/* End PBXFrameworksBuildPhase section */

/* Begin PBXGroup section */
		2A3209ADE64048D686EBF2D8 = {isa = PBXGroup; children = (90DB4C60D2A441D99921AE8D /* EstateOS.app */); name = Products; sourceTree = "<group>"; };
		DDE49E0D379E4FAB8FA07B8C = {isa = PBXGroup; children = (4AC1DC2D39414081B442151B /* EstateOS */, 2A3209ADE64048D686EBF2D8 /* Products */); sourceTree = "<group>"; };
		5199AC94827A4515A2CBC4A5 = {isa = PBXGroup; children = (EEAC0897835149DBA37814A5 /* AppModel.swift */, 7511E1E749E94D118C4ABA8B /* EstateOSTvApp.swift */, 07F2093E967C4B85B887C92B /* RootView.swift */); path = App; sourceTree = "<group>"; };
		AD346BFDFA04470CB5919C88 = {isa = PBXGroup; children = (7EC50670F2C244DB9691F495 /* AppConfig.swift */, 3D66DE6598C64C3DB5454DEE /* CarPresentation.swift */, EE069DAF15F24EB387701EB7 /* Models.swift */, E74F778EF574483892C179AC /* OfferPresentation.swift */, DE5CF8C81C104D5CA76D1149 /* SessionStore.swift */, E5C1C36FD79947579013C77D /* TvDeepLink.swift */, C42C3B5AADD846939FEA6C60 /* TvPreferences.swift */); path = Core; sourceTree = "<group>"; };
		DB5EF24360DB4BC7A9B05879 = {isa = PBXGroup; children = (1954507453E944179B1B1C8B /* Assets.xcassets */); path = Resources; sourceTree = "<group>"; };
		BEF77EBFA70B4D5A85B7B8C9 = {isa = PBXGroup; children = (ABDEAA4CB314427786E94044 /* EstateAPIClient.swift */); path = Services; sourceTree = "<group>"; };
		D9202E59E12B4C9585ACFB65 = {isa = PBXGroup; children = (4CEE03961C604AF3803B139F /* EOSTvStyle.swift */); path = Theme; sourceTree = "<group>"; };
		2F32B25387134E7D9D7EF5B3 = {isa = PBXGroup; children = (5DD5483A650448E59158AA7E /* CarDetailView.swift */, FA1042F857B74B5FA708A482 /* CatalogComponents.swift */, 88BFA89DA2164B5D8E680E3B /* ContactQrSheet.swift */, EEA17759CF77463B8722750F /* HomeView.swift */, EB2AF8E7E00044EB8F15AA43 /* ImmersiveCarBrowseView.swift */, 3B5F2014AA4C4D7690CE998C /* LoginView.swift */, 53720B51689A4E4E80048F23 /* OfferDetailView.swift */, AF8CC72EC7954D1AB59B44A2 /* SearchView.swift */, B7458567A7C64BC68DE9C11E /* TopShelfImmersiveView.swift */, 350DEC5AB528467B9E72BE29 /* Components */); path = Views; sourceTree = "<group>"; };
		350DEC5AB528467B9E72BE29 = {isa = PBXGroup; children = (A0A5DB5709D64BEA9598DB14 /* EOSAdaptiveTitle.swift */); path = Components; sourceTree = "<group>"; };
		4AC1DC2D39414081B442151B = {isa = PBXGroup; children = (5199AC94827A4515A2CBC4A5 /* App */, AD346BFDFA04470CB5919C88 /* Core */, DB5EF24360DB4BC7A9B05879 /* Resources */, BEF77EBFA70B4D5A85B7B8C9 /* Services */, D9202E59E12B4C9585ACFB65 /* Theme */, 2F32B25387134E7D9D7EF5B3 /* Views */); path = EstateOS; sourceTree = "<group>"; };
/* End PBXGroup section */

/* Begin PBXNativeTarget section */
		F0F0EE51DD5B418D8F388EAD = {
			isa = PBXNativeTarget; buildConfigurationList = 91FBC3AFA3B74F97B92BD84E;
			buildPhases = (0CF6E3F0027449B7A1694EAD /* Sources */, 6D39C275A6AF4DF0BA4A9490 /* Frameworks */, F4ED6835E1954A44A90015C8 /* Resources */);
			buildRules = (); dependencies = (); name = EstateOS;
			productReference = 90DB4C60D2A441D99921AE8D; productType = "com.apple.product-type.application";
		};
/* End PBXNativeTarget section */

/* Begin PBXProject section */
		7D536028A3CD42B6808A2F44 = {
			isa = PBXProject; buildConfigurationList = E18C61EDC76144108AE080BB; compatibilityVersion = "Xcode 14.0";
			developmentRegion = en; hasScannedForEncodings = 0;
			mainGroup = DDE49E0D379E4FAB8FA07B8C; productRefGroup = 2A3209ADE64048D686EBF2D8;
			projectDirPath = ""; projectRoot = "";
			targets = (F0F0EE51DD5B418D8F388EAD /* EstateOS */);
		};
/* End PBXProject section */

/* Begin PBXResourcesBuildPhase section */
		F4ED6835E1954A44A90015C8 = {isa = PBXResourcesBuildPhase; buildActionMask = 2147483647; files = (15264ABC676447C3847B1466 /* Resources/Assets.xcassets in Resources */); runOnlyForDeploymentPostprocessing = 0; };
/* End PBXResourcesBuildPhase section */

/* Begin PBXSourcesBuildPhase section */
		0CF6E3F0027449B7A1694EAD = {isa = PBXSourcesBuildPhase; buildActionMask = 2147483647; files = (D202AD1E6A5244A0A837AA04 /* App/AppModel.swift in Sources */, 335D7916B8B74BBEBAFF0756 /* App/EstateOSTvApp.swift in Sources */, CAB77A62DAA142FFB72BB0EA /* App/RootView.swift in Sources */, DDEE2B2F7A074423968F8BA4 /* Core/AppConfig.swift in Sources */, 3DDC8ABD811B467782A3A0F7 /* Core/CarPresentation.swift in Sources */, 6C5AE516DFA74B5E9C069CBF /* Core/Models.swift in Sources */, 693A7826076A4996B68EDFD8 /* Core/OfferPresentation.swift in Sources */, AB5FE4B8692D412E92BB253F /* Core/SessionStore.swift in Sources */, 05C771EDEA06455D8F8C0E2B /* Core/TvDeepLink.swift in Sources */, B3B428CE722F4B05BDECE699 /* Core/TvPreferences.swift in Sources */, 7D8B62A43D9948B289D40D98 /* Services/EstateAPIClient.swift in Sources */, A7388DED23E64336BDC77E99 /* Theme/EOSTvStyle.swift in Sources */, C0096383B5504E2D857A75FC /* Views/CarDetailView.swift in Sources */, 68A6080BFAA34AA498DB24D3 /* Views/CatalogComponents.swift in Sources */, 43B2D04DEE90428A9FB43A17 /* Views/Components/EOSAdaptiveTitle.swift in Sources */, A449E2872B9D430DB408ED99 /* Views/ContactQrSheet.swift in Sources */, CC72DE1E32ED4ADC8A5D1292 /* Views/HomeView.swift in Sources */, 19FC38083EE446EE9D131207 /* Views/ImmersiveCarBrowseView.swift in Sources */, E5BAD8E21066430B8A7499E4 /* Views/LoginView.swift in Sources */, 5BEE3D36327F46D287F9A0F0 /* Views/OfferDetailView.swift in Sources */, 8B329077DFF547EABA752DAE /* Views/SearchView.swift in Sources */, 09A23C7A46104BB6B8E945C4 /* Views/TopShelfImmersiveView.swift in Sources */); runOnlyForDeploymentPostprocessing = 0; };
/* End PBXSourcesBuildPhase section */

/* Begin XCBuildConfiguration section */
		D1354D5286614BD5A74058B7 = {isa = XCBuildConfiguration; name = Debug; buildSettings = {ALWAYS_SEARCH_USER_PATHS = NO; CLANG_ENABLE_MODULES = YES; COPY_PHASE_STRIP = NO; DEBUG_INFORMATION_FORMAT = dwarf; ENABLE_TESTABILITY = YES; GCC_DYNAMIC_NO_PIC = NO; GCC_OPTIMIZATION_LEVEL = 0; MTL_ENABLE_DEBUG_INFO = INCLUDE_SOURCE; ONLY_ACTIVE_ARCH = YES; SDKROOT = appletvos; SWIFT_ACTIVE_COMPILATION_CONDITIONS = DEBUG; SWIFT_OPTIMIZATION_LEVEL = "-Onone"; }; };
		78A6D4258E2C4F18BEA94A91 = {isa = XCBuildConfiguration; name = Release; buildSettings = {ALWAYS_SEARCH_USER_PATHS = NO; CLANG_ENABLE_MODULES = YES; COPY_PHASE_STRIP = NO; DEBUG_INFORMATION_FORMAT = "dwarf-with-dsym"; SDKROOT = appletvos; SWIFT_COMPILATION_MODE = wholemodule; VALIDATE_PRODUCT = YES; }; };
		E37EE0143BE244069FB9337B = {isa = XCBuildConfiguration; name = Debug; buildSettings = {ASSETCATALOG_COMPILER_APPICON_NAME = "App Icon & Top Shelf Image"; ASSETCATALOG_COMPILER_GLOBAL_ACCENT_COLOR_NAME = AccentColor; CODE_SIGN_STYLE = Automatic; DEVELOPMENT_TEAM = NW3YW69KL9; CURRENT_PROJECT_VERSION = 1; GENERATE_INFOPLIST_FILE = NO; INFOPLIST_FILE = EstateOS/Resources/Info.plist; LD_RUNPATH_SEARCH_PATHS = ("$(inherited)", "@executable_path/Frameworks"); MARKETING_VERSION = 1.0.0; PRODUCT_BUNDLE_IDENTIFIER = pl.estateos.app.tvos; PRODUCT_NAME = "$(TARGET_NAME)"; SDKROOT = appletvos; SWIFT_EMIT_LOC_STRINGS = YES; SWIFT_VERSION = 5.0; TARGETED_DEVICE_FAMILY = 3; TVOS_DEPLOYMENT_TARGET = 17.0; }; };
		74858E620F8E43C5BA00C790 = {isa = XCBuildConfiguration; name = Release; buildSettings = {ASSETCATALOG_COMPILER_APPICON_NAME = "App Icon & Top Shelf Image"; ASSETCATALOG_COMPILER_GLOBAL_ACCENT_COLOR_NAME = AccentColor; CODE_SIGN_STYLE = Automatic; DEVELOPMENT_TEAM = NW3YW69KL9; CURRENT_PROJECT_VERSION = 1; GENERATE_INFOPLIST_FILE = NO; INFOPLIST_FILE = EstateOS/Resources/Info.plist; LD_RUNPATH_SEARCH_PATHS = ("$(inherited)", "@executable_path/Frameworks"); MARKETING_VERSION = 1.0.0; PRODUCT_BUNDLE_IDENTIFIER = pl.estateos.app.tvos; PRODUCT_NAME = "$(TARGET_NAME)"; SDKROOT = appletvos; SWIFT_EMIT_LOC_STRINGS = YES; SWIFT_VERSION = 5.0; TARGETED_DEVICE_FAMILY = 3; TVOS_DEPLOYMENT_TARGET = 17.0; }; };
/* End XCBuildConfiguration section */

/* Begin XCConfigurationList section */
		E18C61EDC76144108AE080BB = {isa = XCConfigurationList; buildConfigurations = (D1354D5286614BD5A74058B7 /* Debug */, 78A6D4258E2C4F18BEA94A91 /* Release */); defaultConfigurationIsVisible = 0; defaultConfigurationName = Release; };
		91FBC3AFA3B74F97B92BD84E = {isa = XCConfigurationList; buildConfigurations = (E37EE0143BE244069FB9337B /* Debug */, 74858E620F8E43C5BA00C790 /* Release */); defaultConfigurationIsVisible = 0; defaultConfigurationName = Release; };
/* End XCConfigurationList section */
	};
	rootObject = 7D536028A3CD42B6808A2F44;
}
