// !$*UTF8*$!
{
	archiveVersion = 1;
	classes = {};
	objectVersion = 56;
	objects = {

/* Begin PBXBuildFile section */
		FD2ED1577580486F9C4065D4 /* App/AppModel.swift in Sources */ = {isa = PBXBuildFile; fileRef = FBFCAB6CC3D5411EA26A440D /* App/AppModel.swift */; };
		C6F3A3985EC6477E8F67F5C9 /* App/VideoAppModel.swift in Sources */ = {isa = PBXBuildFile; fileRef = CBD53DBD5FFB42238BD1013F /* App/VideoAppModel.swift */; };
		E5DD69EB56E54FAAA4293755 /* Core/AppConfig.swift in Sources */ = {isa = PBXBuildFile; fileRef = 153CE52F05CF4EF3862810E6 /* Core/AppConfig.swift */; };
		E7F60D2EBBCB48D0B757D46E /* Core/AppDocuments.swift in Sources */ = {isa = PBXBuildFile; fileRef = E1B6AA0E14F94CB892BDD654 /* Core/AppDocuments.swift */; };
		013068E2031B4B24B8648A3E /* Core/ExternalTrackReference.swift in Sources */ = {isa = PBXBuildFile; fileRef = 0FFDC0E7320D499D9BDE29DD /* Core/ExternalTrackReference.swift */; };
		D0BE9E72436C40A1A0016757 /* Core/KeychainHelper.swift in Sources */ = {isa = PBXBuildFile; fileRef = 1835C88C4A504EDEA0ABDE54 /* Core/KeychainHelper.swift */; };
		34034144DADC4B869B671AE7 /* Core/Models.swift in Sources */ = {isa = PBXBuildFile; fileRef = AAF4F27178674A068DE21E11 /* Core/Models.swift */; };
		1585D07E4A1F4CAFACC591D3 /* Core/MusicSourceModels.swift in Sources */ = {isa = PBXBuildFile; fileRef = F2DA58C4A2E84D17ACDBD37B /* Core/MusicSourceModels.swift */; };
		16D6D3CEF70844F8BBA2A8B9 /* Core/OrientationLock.swift in Sources */ = {isa = PBXBuildFile; fileRef = 99D3611F070D467498827C9D /* Core/OrientationLock.swift */; };
		76C2BFCE81F141C8B8C66D2F /* Core/VideoModels.swift in Sources */ = {isa = PBXBuildFile; fileRef = 391E4E02EAB14A148E281A8C /* Core/VideoModels.swift */; };
		3755D36BFE1347C1B2772532 /* EOSMusicApp.swift in Sources */ = {isa = PBXBuildFile; fileRef = 6C78DE1414CD47B4B8DBBF17 /* EOSMusicApp.swift */; };
		019055BB0824438A9A8E4F07 /* Services/AppleSignInService.swift in Sources */ = {isa = PBXBuildFile; fileRef = DA3F0A9E011749E7AE2C83D1 /* Services/AppleSignInService.swift */; };
		C5A9E4088E6D4CE8912A1274 /* Services/AudioSession.swift in Sources */ = {isa = PBXBuildFile; fileRef = E0D67F54ECD941D29B32D40C /* Services/AudioSession.swift */; };
		A88EC39A74F14BE2999A0A38 /* Services/GoogleDriveAuthService.swift in Sources */ = {isa = PBXBuildFile; fileRef = 9621F17AA1D74029A2C1A4B9 /* Services/GoogleDriveAuthService.swift */; };
		A2CC3B18AAC24A81AC887171 /* Services/GoogleDriveClient.swift in Sources */ = {isa = PBXBuildFile; fileRef = 96DAC771D8E14997B07BDE4F /* Services/GoogleDriveClient.swift */; };
		4DD2A210EE014C91839380BF /* Services/ICloudAccountService.swift in Sources */ = {isa = PBXBuildFile; fileRef = 7ACB1310D6F047B7B689E3C9 /* Services/ICloudAccountService.swift */; };
		DBC967CCDE754BFDB647BFF2 /* Services/MusicAPIClient.swift in Sources */ = {isa = PBXBuildFile; fileRef = 7F19F52A1D244D21804538FF /* Services/MusicAPIClient.swift */; };
		BF178BA90BBF46F68026C4CD /* Services/MusicDownloadService.swift in Sources */ = {isa = PBXBuildFile; fileRef = 73DD25AFE12F4D8C9EA229C8 /* Services/MusicDownloadService.swift */; };
		C0D571DD1B724EB3A8F45672 /* Services/MusicPlaybackEngine.swift in Sources */ = {isa = PBXBuildFile; fileRef = D8F4926BDEE84F23B7A73B55 /* Services/MusicPlaybackEngine.swift */; };
		F4F236C0B9734BDDA4A5F65E /* Services/MusicPlaybackService.swift in Sources */ = {isa = PBXBuildFile; fileRef = 56E6B11B200C476D8FB3DBF5 /* Services/MusicPlaybackService.swift */; };
		24B8AA1180AB4B4D8285FD77 /* Services/MusicSourcesStore.swift in Sources */ = {isa = PBXBuildFile; fileRef = 820A13A5A9334DA9AFDBB7CD /* Services/MusicSourcesStore.swift */; };
		CFF8005CE9E4408599E731BD /* Services/NowPlayingCenter.swift in Sources */ = {isa = PBXBuildFile; fileRef = 40B88390579B41CBBCDE1425 /* Services/NowPlayingCenter.swift */; };
		5E38E398510947CD901FAD96 /* Services/OfflineMusicStore.swift in Sources */ = {isa = PBXBuildFile; fileRef = 75EE10ADF8704D05B9B3FB58 /* Services/OfflineMusicStore.swift */; };
		F505FF534CF348B1A19B4D05 /* Services/QnapDiscoveryService.swift in Sources */ = {isa = PBXBuildFile; fileRef = 674C8D69C966486E9E22C1F2 /* Services/QnapDiscoveryService.swift */; };
		47CA8C86D3B34FDF92DD91AF /* Services/QnapWebDAVDefaults.swift in Sources */ = {isa = PBXBuildFile; fileRef = B54099DAEF3D4F028CDBD67A /* Services/QnapWebDAVDefaults.swift */; };
		7E110DE5C7B24998BAAD0E12 /* Services/TrackMetadataEnricher.swift in Sources */ = {isa = PBXBuildFile; fileRef = DE558CFD723F42D8BC052E8D /* Services/TrackMetadataEnricher.swift */; };
		879A5630C5784E2DA75F1B7A /* Services/VideoPlaybackEngine.swift in Sources */ = {isa = PBXBuildFile; fileRef = 79E30C55765A46C399143B0D /* Services/VideoPlaybackEngine.swift */; };
		25A9819045E34EAEB3B078B7 /* Services/VideoSourcesStore.swift in Sources */ = {isa = PBXBuildFile; fileRef = 41DB6318ABF74B26A51A5F79 /* Services/VideoSourcesStore.swift */; };
		6C758917743149F6AC799361 /* Services/WebDAVClient.swift in Sources */ = {isa = PBXBuildFile; fileRef = 2F3CFA70E3F04B34B4CE64E1 /* Services/WebDAVClient.swift */; };
		6153A5AACB9E4F858C534658 /* Theme/EOSTheme.swift in Sources */ = {isa = PBXBuildFile; fileRef = ECF661394286478EA978C66D /* Theme/EOSTheme.swift */; };
		6EAE3E4E957444B2BF1E5266 /* Views/AlbumDetailView.swift in Sources */ = {isa = PBXBuildFile; fileRef = 58B6534EAC1447689D5B254E /* Views/AlbumDetailView.swift */; };
		F519903341FE41E5A630CD80 /* Views/ArtistDetailView.swift in Sources */ = {isa = PBXBuildFile; fileRef = B4193DACDABE4818A14A54DE /* Views/ArtistDetailView.swift */; };
		139C0D424DC14F5C95B164C9 /* Views/Components/AddToPlaylistSheet.swift in Sources */ = {isa = PBXBuildFile; fileRef = 083B4E78FACC40B390424EDB /* Views/Components/AddToPlaylistSheet.swift */; };
		9BD9EF1062044142A76F1ECF /* Views/Components/CatalogTrackRow.swift in Sources */ = {isa = PBXBuildFile; fileRef = 72201E2EACAF45B1B9BC0A41 /* Views/Components/CatalogTrackRow.swift */; };
		414DE4FCDF6049318897FB97 /* Views/Components/DownloadCloudButton.swift in Sources */ = {isa = PBXBuildFile; fileRef = A44F3BA3E7D940CAA5692F76 /* Views/Components/DownloadCloudButton.swift */; };
		18554ABC4A3B482A81477918 /* Views/Components/FavoriteButton.swift in Sources */ = {isa = PBXBuildFile; fileRef = 84EF3A13E936419D99B37A33 /* Views/Components/FavoriteButton.swift */; };
		BDEC706D3FB1423C91DF3865 /* Views/Components/FilesStyleComponents.swift in Sources */ = {isa = PBXBuildFile; fileRef = 646CC88D4E694C8289A697AA /* Views/Components/FilesStyleComponents.swift */; };
		D7A01C8EDAE248E585DA973B /* Views/Components/SharedViews.swift in Sources */ = {isa = PBXBuildFile; fileRef = 0F6507667B804A52BF669DBB /* Views/Components/SharedViews.swift */; };
		6D300B163A8845828BB21D77 /* Views/ExternalSourceDetailView.swift in Sources */ = {isa = PBXBuildFile; fileRef = 041BC739D2A446D7B8949402 /* Views/ExternalSourceDetailView.swift */; };
		73935CFAD5A7484FB12B43D7 /* Views/FavoritesView.swift in Sources */ = {isa = PBXBuildFile; fileRef = 162DF4CFB2C7478980DAFCC2 /* Views/FavoritesView.swift */; };
		29E8A364B4FE44B282E9B426 /* Views/FolderDetailView.swift in Sources */ = {isa = PBXBuildFile; fileRef = 248A315F9612496AB71A20D3 /* Views/FolderDetailView.swift */; };
		BA995E642FA84E0EA1C915BC /* Views/FullPlayerView.swift in Sources */ = {isa = PBXBuildFile; fileRef = 4B75FA54978C49128E5D84F4 /* Views/FullPlayerView.swift */; };
		56BB87D248974208B9F67E22 /* Views/GoogleDriveConnectionSheet.swift in Sources */ = {isa = PBXBuildFile; fileRef = D40785648C084AAE93453057 /* Views/GoogleDriveConnectionSheet.swift */; };
		DB63A3A711E34A6BBDCA9FFB /* Views/GoogleDriveFolderPickerView.swift in Sources */ = {isa = PBXBuildFile; fileRef = 43B301C2E51A4790BA837A20 /* Views/GoogleDriveFolderPickerView.swift */; };
		6BABBEC9412F4E5EAE59E743 /* Views/ICloudConnectionSheet.swift in Sources */ = {isa = PBXBuildFile; fileRef = 73045E0ABB284B60A8F21B23 /* Views/ICloudConnectionSheet.swift */; };
		474039A6618B498CBC94A5EF /* Views/Library/LibraryCategoryViews.swift in Sources */ = {isa = PBXBuildFile; fileRef = 4DA337DBF8A841AC903A417B /* Views/Library/LibraryCategoryViews.swift */; };
		7001122E359947178D754828 /* Views/Library/LibraryStyle.swift in Sources */ = {isa = PBXBuildFile; fileRef = CAB8F134E6D640BDA2DD3FFF /* Views/Library/LibraryStyle.swift */; };
		43B9F1BC5B9340EAA65F4C02 /* Views/LibraryView.swift in Sources */ = {isa = PBXBuildFile; fileRef = B456B6FAAC6B45859DCF59C1 /* Views/LibraryView.swift */; };
		BEE7D533B53144F49961ACF6 /* Views/LocalDownloadsBrowseView.swift in Sources */ = {isa = PBXBuildFile; fileRef = 1CB5576289A249A784E97AA8 /* Views/LocalDownloadsBrowseView.swift */; };
		66FF1C6D491648779917537C /* Views/LoginView.swift in Sources */ = {isa = PBXBuildFile; fileRef = 5EA31BAFAF284946B1F17F08 /* Views/LoginView.swift */; };
		1501FA9625C34D429C7EAFE6 /* Views/MainTabView.swift in Sources */ = {isa = PBXBuildFile; fileRef = 9594ABDBF33E49AAB278098B /* Views/MainTabView.swift */; };
		6524C73A26BD4650BBD984D3 /* Views/MiniPlayerBar.swift in Sources */ = {isa = PBXBuildFile; fileRef = 63D64EA0E1F94319A4EF7093 /* Views/MiniPlayerBar.swift */; };
		2E05EDD47087416BA73A75A2 /* Views/QnapConnectionSheet.swift in Sources */ = {isa = PBXBuildFile; fileRef = B0721BB3994443E78CB36175 /* Views/QnapConnectionSheet.swift */; };
		4F42BCE6CA0C4AD8A4EC4E94 /* Views/RootView.swift in Sources */ = {isa = PBXBuildFile; fileRef = BFBC79A0A1DA4C21A77C9D9E /* Views/RootView.swift */; };
		1052CC13029346A59D9A1C22 /* Views/SearchCatalogView.swift in Sources */ = {isa = PBXBuildFile; fileRef = F9F0174FD48047A2AFF99490 /* Views/SearchCatalogView.swift */; };
		18BDDF03932E41A7A343B97D /* Views/SourcesView.swift in Sources */ = {isa = PBXBuildFile; fileRef = 4567B0603C7643B7A455064A /* Views/SourcesView.swift */; };
		347898DDAA214EDA96D038EA /* Views/Video/VideoFolderConnectionSheet.swift in Sources */ = {isa = PBXBuildFile; fileRef = 34A1B5EE610646E188266E7A /* Views/Video/VideoFolderConnectionSheet.swift */; };
		D0ECE42AC5A249BEB6164986 /* Views/Video/VideoFolderDetailView.swift in Sources */ = {isa = PBXBuildFile; fileRef = 221EB539FAC543699A9D2443 /* Views/Video/VideoFolderDetailView.swift */; };
		3501B71B41B14834923938BF /* Views/Video/VideoLibraryView.swift in Sources */ = {isa = PBXBuildFile; fileRef = CD6B7B2EE4E14BCFAD04039D /* Views/Video/VideoLibraryView.swift */; };
		05E3AD097E7A4E48A0D659DF /* Views/Video/VideoPlayerView.swift in Sources */ = {isa = PBXBuildFile; fileRef = 41A38EDC7A244654A5EFB04F /* Views/Video/VideoPlayerView.swift */; };
		60E382F8530345ED9932D875 /* Views/Video/VideoTrackPickers.swift in Sources */ = {isa = PBXBuildFile; fileRef = B8038DC51428470EA36DE1BC /* Views/Video/VideoTrackPickers.swift */; };
		8C9DFDA4097140BBB8D44DBD /* Resources/Assets.xcassets in Resources */ = {isa = PBXBuildFile; fileRef = D8C59AC215224EA3AB3E5883 /* Resources/Assets.xcassets */; };
		E427A14E3D0F449BBB848777 /* Resources/GoogleOAuth.plist in Resources */ = {isa = PBXBuildFile; fileRef = B14F04345DA34BC6BEC5C167 /* Resources/GoogleOAuth.plist */; };
		A07DB22A19A34FE38A5DFD01 /* MobileVLCKit.xcframework in Frameworks */ = {isa = PBXBuildFile; fileRef = CADA715D623D42B68F88E5F6 /* MobileVLCKit.xcframework */; };
		00A0603EB7744751BC872168 /* MobileVLCKit.xcframework in Embed Frameworks */ = {isa = PBXBuildFile; fileRef = CADA715D623D42B68F88E5F6 /* MobileVLCKit.xcframework */; settings = {ATTRIBUTES = (CodeSignOnCopy, RemoveHeadersOnCopy, ); }; };
/* End PBXBuildFile section */

/* Begin PBXCopyFilesBuildPhase section */
		5665D25AFE5640568E866866 /* Embed Frameworks */ = {
			isa = PBXCopyFilesBuildPhase;
			buildActionMask = 2147483647;
			dstPath = "";
			dstSubfolderSpec = 10;
			files = (00A0603EB7744751BC872168 /* MobileVLCKit.xcframework in Embed Frameworks */);
			name = "Embed Frameworks";
			runOnlyForDeploymentPostprocessing = 0;
		};
/* End PBXCopyFilesBuildPhase section */

/* Begin PBXFileReference section */
		684A82BF1618410E8657F474 /* EOSMusic.app */ = {isa = PBXFileReference; explicitFileType = wrapper.application; includeInIndex = 0; path = EOSMusic.app; sourceTree = BUILT_PRODUCTS_DIR; };
		FBFCAB6CC3D5411EA26A440D /* App/AppModel.swift */ = {isa = PBXFileReference; lastKnownFileType = sourcecode.swift; path = AppModel.swift; sourceTree = "<group>"; };
		CBD53DBD5FFB42238BD1013F /* App/VideoAppModel.swift */ = {isa = PBXFileReference; lastKnownFileType = sourcecode.swift; path = VideoAppModel.swift; sourceTree = "<group>"; };
		153CE52F05CF4EF3862810E6 /* Core/AppConfig.swift */ = {isa = PBXFileReference; lastKnownFileType = sourcecode.swift; path = AppConfig.swift; sourceTree = "<group>"; };
		E1B6AA0E14F94CB892BDD654 /* Core/AppDocuments.swift */ = {isa = PBXFileReference; lastKnownFileType = sourcecode.swift; path = AppDocuments.swift; sourceTree = "<group>"; };
		0FFDC0E7320D499D9BDE29DD /* Core/ExternalTrackReference.swift */ = {isa = PBXFileReference; lastKnownFileType = sourcecode.swift; path = ExternalTrackReference.swift; sourceTree = "<group>"; };
		1835C88C4A504EDEA0ABDE54 /* Core/KeychainHelper.swift */ = {isa = PBXFileReference; lastKnownFileType = sourcecode.swift; path = KeychainHelper.swift; sourceTree = "<group>"; };
		AAF4F27178674A068DE21E11 /* Core/Models.swift */ = {isa = PBXFileReference; lastKnownFileType = sourcecode.swift; path = Models.swift; sourceTree = "<group>"; };
		F2DA58C4A2E84D17ACDBD37B /* Core/MusicSourceModels.swift */ = {isa = PBXFileReference; lastKnownFileType = sourcecode.swift; path = MusicSourceModels.swift; sourceTree = "<group>"; };
		99D3611F070D467498827C9D /* Core/OrientationLock.swift */ = {isa = PBXFileReference; lastKnownFileType = sourcecode.swift; path = OrientationLock.swift; sourceTree = "<group>"; };
		391E4E02EAB14A148E281A8C /* Core/VideoModels.swift */ = {isa = PBXFileReference; lastKnownFileType = sourcecode.swift; path = VideoModels.swift; sourceTree = "<group>"; };
		6C78DE1414CD47B4B8DBBF17 /* EOSMusicApp.swift */ = {isa = PBXFileReference; lastKnownFileType = sourcecode.swift; path = EOSMusicApp.swift; sourceTree = "<group>"; };
		DA3F0A9E011749E7AE2C83D1 /* Services/AppleSignInService.swift */ = {isa = PBXFileReference; lastKnownFileType = sourcecode.swift; path = AppleSignInService.swift; sourceTree = "<group>"; };
		E0D67F54ECD941D29B32D40C /* Services/AudioSession.swift */ = {isa = PBXFileReference; lastKnownFileType = sourcecode.swift; path = AudioSession.swift; sourceTree = "<group>"; };
		9621F17AA1D74029A2C1A4B9 /* Services/GoogleDriveAuthService.swift */ = {isa = PBXFileReference; lastKnownFileType = sourcecode.swift; path = GoogleDriveAuthService.swift; sourceTree = "<group>"; };
		96DAC771D8E14997B07BDE4F /* Services/GoogleDriveClient.swift */ = {isa = PBXFileReference; lastKnownFileType = sourcecode.swift; path = GoogleDriveClient.swift; sourceTree = "<group>"; };
		7ACB1310D6F047B7B689E3C9 /* Services/ICloudAccountService.swift */ = {isa = PBXFileReference; lastKnownFileType = sourcecode.swift; path = ICloudAccountService.swift; sourceTree = "<group>"; };
		7F19F52A1D244D21804538FF /* Services/MusicAPIClient.swift */ = {isa = PBXFileReference; lastKnownFileType = sourcecode.swift; path = MusicAPIClient.swift; sourceTree = "<group>"; };
		73DD25AFE12F4D8C9EA229C8 /* Services/MusicDownloadService.swift */ = {isa = PBXFileReference; lastKnownFileType = sourcecode.swift; path = MusicDownloadService.swift; sourceTree = "<group>"; };
		D8F4926BDEE84F23B7A73B55 /* Services/MusicPlaybackEngine.swift */ = {isa = PBXFileReference; lastKnownFileType = sourcecode.swift; path = MusicPlaybackEngine.swift; sourceTree = "<group>"; };
		56E6B11B200C476D8FB3DBF5 /* Services/MusicPlaybackService.swift */ = {isa = PBXFileReference; lastKnownFileType = sourcecode.swift; path = MusicPlaybackService.swift; sourceTree = "<group>"; };
		820A13A5A9334DA9AFDBB7CD /* Services/MusicSourcesStore.swift */ = {isa = PBXFileReference; lastKnownFileType = sourcecode.swift; path = MusicSourcesStore.swift; sourceTree = "<group>"; };
		40B88390579B41CBBCDE1425 /* Services/NowPlayingCenter.swift */ = {isa = PBXFileReference; lastKnownFileType = sourcecode.swift; path = NowPlayingCenter.swift; sourceTree = "<group>"; };
		75EE10ADF8704D05B9B3FB58 /* Services/OfflineMusicStore.swift */ = {isa = PBXFileReference; lastKnownFileType = sourcecode.swift; path = OfflineMusicStore.swift; sourceTree = "<group>"; };
		674C8D69C966486E9E22C1F2 /* Services/QnapDiscoveryService.swift */ = {isa = PBXFileReference; lastKnownFileType = sourcecode.swift; path = QnapDiscoveryService.swift; sourceTree = "<group>"; };
		B54099DAEF3D4F028CDBD67A /* Services/QnapWebDAVDefaults.swift */ = {isa = PBXFileReference; lastKnownFileType = sourcecode.swift; path = QnapWebDAVDefaults.swift; sourceTree = "<group>"; };
		DE558CFD723F42D8BC052E8D /* Services/TrackMetadataEnricher.swift */ = {isa = PBXFileReference; lastKnownFileType = sourcecode.swift; path = TrackMetadataEnricher.swift; sourceTree = "<group>"; };
		79E30C55765A46C399143B0D /* Services/VideoPlaybackEngine.swift */ = {isa = PBXFileReference; lastKnownFileType = sourcecode.swift; path = VideoPlaybackEngine.swift; sourceTree = "<group>"; };
		41DB6318ABF74B26A51A5F79 /* Services/VideoSourcesStore.swift */ = {isa = PBXFileReference; lastKnownFileType = sourcecode.swift; path = VideoSourcesStore.swift; sourceTree = "<group>"; };
		2F3CFA70E3F04B34B4CE64E1 /* Services/WebDAVClient.swift */ = {isa = PBXFileReference; lastKnownFileType = sourcecode.swift; path = WebDAVClient.swift; sourceTree = "<group>"; };
		ECF661394286478EA978C66D /* Theme/EOSTheme.swift */ = {isa = PBXFileReference; lastKnownFileType = sourcecode.swift; path = EOSTheme.swift; sourceTree = "<group>"; };
		58B6534EAC1447689D5B254E /* Views/AlbumDetailView.swift */ = {isa = PBXFileReference; lastKnownFileType = sourcecode.swift; path = AlbumDetailView.swift; sourceTree = "<group>"; };
		B4193DACDABE4818A14A54DE /* Views/ArtistDetailView.swift */ = {isa = PBXFileReference; lastKnownFileType = sourcecode.swift; path = ArtistDetailView.swift; sourceTree = "<group>"; };
		083B4E78FACC40B390424EDB /* Views/Components/AddToPlaylistSheet.swift */ = {isa = PBXFileReference; lastKnownFileType = sourcecode.swift; path = AddToPlaylistSheet.swift; sourceTree = "<group>"; };
		72201E2EACAF45B1B9BC0A41 /* Views/Components/CatalogTrackRow.swift */ = {isa = PBXFileReference; lastKnownFileType = sourcecode.swift; path = CatalogTrackRow.swift; sourceTree = "<group>"; };
		A44F3BA3E7D940CAA5692F76 /* Views/Components/DownloadCloudButton.swift */ = {isa = PBXFileReference; lastKnownFileType = sourcecode.swift; path = DownloadCloudButton.swift; sourceTree = "<group>"; };
		84EF3A13E936419D99B37A33 /* Views/Components/FavoriteButton.swift */ = {isa = PBXFileReference; lastKnownFileType = sourcecode.swift; path = FavoriteButton.swift; sourceTree = "<group>"; };
		646CC88D4E694C8289A697AA /* Views/Components/FilesStyleComponents.swift */ = {isa = PBXFileReference; lastKnownFileType = sourcecode.swift; path = FilesStyleComponents.swift; sourceTree = "<group>"; };
		0F6507667B804A52BF669DBB /* Views/Components/SharedViews.swift */ = {isa = PBXFileReference; lastKnownFileType = sourcecode.swift; path = SharedViews.swift; sourceTree = "<group>"; };
		041BC739D2A446D7B8949402 /* Views/ExternalSourceDetailView.swift */ = {isa = PBXFileReference; lastKnownFileType = sourcecode.swift; path = ExternalSourceDetailView.swift; sourceTree = "<group>"; };
		162DF4CFB2C7478980DAFCC2 /* Views/FavoritesView.swift */ = {isa = PBXFileReference; lastKnownFileType = sourcecode.swift; path = FavoritesView.swift; sourceTree = "<group>"; };
		248A315F9612496AB71A20D3 /* Views/FolderDetailView.swift */ = {isa = PBXFileReference; lastKnownFileType = sourcecode.swift; path = FolderDetailView.swift; sourceTree = "<group>"; };
		4B75FA54978C49128E5D84F4 /* Views/FullPlayerView.swift */ = {isa = PBXFileReference; lastKnownFileType = sourcecode.swift; path = FullPlayerView.swift; sourceTree = "<group>"; };
		D40785648C084AAE93453057 /* Views/GoogleDriveConnectionSheet.swift */ = {isa = PBXFileReference; lastKnownFileType = sourcecode.swift; path = GoogleDriveConnectionSheet.swift; sourceTree = "<group>"; };
		43B301C2E51A4790BA837A20 /* Views/GoogleDriveFolderPickerView.swift */ = {isa = PBXFileReference; lastKnownFileType = sourcecode.swift; path = GoogleDriveFolderPickerView.swift; sourceTree = "<group>"; };
		73045E0ABB284B60A8F21B23 /* Views/ICloudConnectionSheet.swift */ = {isa = PBXFileReference; lastKnownFileType = sourcecode.swift; path = ICloudConnectionSheet.swift; sourceTree = "<group>"; };
		4DA337DBF8A841AC903A417B /* Views/Library/LibraryCategoryViews.swift */ = {isa = PBXFileReference; lastKnownFileType = sourcecode.swift; path = LibraryCategoryViews.swift; sourceTree = "<group>"; };
		CAB8F134E6D640BDA2DD3FFF /* Views/Library/LibraryStyle.swift */ = {isa = PBXFileReference; lastKnownFileType = sourcecode.swift; path = LibraryStyle.swift; sourceTree = "<group>"; };
		B456B6FAAC6B45859DCF59C1 /* Views/LibraryView.swift */ = {isa = PBXFileReference; lastKnownFileType = sourcecode.swift; path = LibraryView.swift; sourceTree = "<group>"; };
		1CB5576289A249A784E97AA8 /* Views/LocalDownloadsBrowseView.swift */ = {isa = PBXFileReference; lastKnownFileType = sourcecode.swift; path = LocalDownloadsBrowseView.swift; sourceTree = "<group>"; };
		5EA31BAFAF284946B1F17F08 /* Views/LoginView.swift */ = {isa = PBXFileReference; lastKnownFileType = sourcecode.swift; path = LoginView.swift; sourceTree = "<group>"; };
		9594ABDBF33E49AAB278098B /* Views/MainTabView.swift */ = {isa = PBXFileReference; lastKnownFileType = sourcecode.swift; path = MainTabView.swift; sourceTree = "<group>"; };
		63D64EA0E1F94319A4EF7093 /* Views/MiniPlayerBar.swift */ = {isa = PBXFileReference; lastKnownFileType = sourcecode.swift; path = MiniPlayerBar.swift; sourceTree = "<group>"; };
		B0721BB3994443E78CB36175 /* Views/QnapConnectionSheet.swift */ = {isa = PBXFileReference; lastKnownFileType = sourcecode.swift; path = QnapConnectionSheet.swift; sourceTree = "<group>"; };
		BFBC79A0A1DA4C21A77C9D9E /* Views/RootView.swift */ = {isa = PBXFileReference; lastKnownFileType = sourcecode.swift; path = RootView.swift; sourceTree = "<group>"; };
		F9F0174FD48047A2AFF99490 /* Views/SearchCatalogView.swift */ = {isa = PBXFileReference; lastKnownFileType = sourcecode.swift; path = SearchCatalogView.swift; sourceTree = "<group>"; };
		4567B0603C7643B7A455064A /* Views/SourcesView.swift */ = {isa = PBXFileReference; lastKnownFileType = sourcecode.swift; path = SourcesView.swift; sourceTree = "<group>"; };
		34A1B5EE610646E188266E7A /* Views/Video/VideoFolderConnectionSheet.swift */ = {isa = PBXFileReference; lastKnownFileType = sourcecode.swift; path = VideoFolderConnectionSheet.swift; sourceTree = "<group>"; };
		221EB539FAC543699A9D2443 /* Views/Video/VideoFolderDetailView.swift */ = {isa = PBXFileReference; lastKnownFileType = sourcecode.swift; path = VideoFolderDetailView.swift; sourceTree = "<group>"; };
		CD6B7B2EE4E14BCFAD04039D /* Views/Video/VideoLibraryView.swift */ = {isa = PBXFileReference; lastKnownFileType = sourcecode.swift; path = VideoLibraryView.swift; sourceTree = "<group>"; };
		41A38EDC7A244654A5EFB04F /* Views/Video/VideoPlayerView.swift */ = {isa = PBXFileReference; lastKnownFileType = sourcecode.swift; path = VideoPlayerView.swift; sourceTree = "<group>"; };
		B8038DC51428470EA36DE1BC /* Views/Video/VideoTrackPickers.swift */ = {isa = PBXFileReference; lastKnownFileType = sourcecode.swift; path = VideoTrackPickers.swift; sourceTree = "<group>"; };
		D8C59AC215224EA3AB3E5883 /* Resources/Assets.xcassets */ = {isa = PBXFileReference; lastKnownFileType = folder.assetcatalog; path = Assets.xcassets; sourceTree = "<group>"; };
		B14F04345DA34BC6BEC5C167 /* Resources/GoogleOAuth.plist */ = {isa = PBXFileReference; lastKnownFileType = text.plist.xml; path = GoogleOAuth.plist; sourceTree = "<group>"; };
		CADA715D623D42B68F88E5F6 /* MobileVLCKit.xcframework */ = {isa = PBXFileReference; lastKnownFileType = wrapper.xcframework; name = MobileVLCKit.xcframework; path = Vendor/MobileVLCKit.xcframework; sourceTree = "<group>"; };
/* End PBXFileReference section */

/* Begin PBXFrameworksBuildPhase section */
		4CF110A0040F4A129DCEE859 = {isa = PBXFrameworksBuildPhase; buildActionMask = 2147483647; files = (A07DB22A19A34FE38A5DFD01 /* MobileVLCKit.xcframework in Frameworks */); runOnlyForDeploymentPostprocessing = 0; };
/* End PBXFrameworksBuildPhase section */

/* Begin PBXGroup section */
		AC70C2CEE2C24E55A272A45B = {isa = PBXGroup; children = (684A82BF1618410E8657F474 /* EOSMusic.app */); name = Products; sourceTree = "<group>"; };
		4AB1D2C58D43432D8D86AE60 = {isa = PBXGroup; children = (CADA715D623D42B68F88E5F6 /* MobileVLCKit.xcframework */); name = Vendor; sourceTree = "<group>"; };
		B4BA9F89958B4052939DD3E2 = {isa = PBXGroup; children = (8947C3B2CF084E4BAB94C575 /* EOSMusic */, 4AB1D2C58D43432D8D86AE60 /* Vendor */, AC70C2CEE2C24E55A272A45B /* Products */); sourceTree = "<group>"; };
		98D0D0B7C8684DBEA8617F52 = {isa = PBXGroup; children = (FBFCAB6CC3D5411EA26A440D /* AppModel.swift */, CBD53DBD5FFB42238BD1013F /* VideoAppModel.swift */); path = App; sourceTree = "<group>"; };
		F5B55FFF1E62477AB8D5726C = {isa = PBXGroup; children = (153CE52F05CF4EF3862810E6 /* AppConfig.swift */, E1B6AA0E14F94CB892BDD654 /* AppDocuments.swift */, 0FFDC0E7320D499D9BDE29DD /* ExternalTrackReference.swift */, 1835C88C4A504EDEA0ABDE54 /* KeychainHelper.swift */, AAF4F27178674A068DE21E11 /* Models.swift */, F2DA58C4A2E84D17ACDBD37B /* MusicSourceModels.swift */, 99D3611F070D467498827C9D /* OrientationLock.swift */, 391E4E02EAB14A148E281A8C /* VideoModels.swift */); path = Core; sourceTree = "<group>"; };
		31BF1A93B0994DB9BC2B231E = {isa = PBXGroup; children = (D8C59AC215224EA3AB3E5883 /* Assets.xcassets */, B14F04345DA34BC6BEC5C167 /* GoogleOAuth.plist */); path = Resources; sourceTree = "<group>"; };
		510C76E9B6F14BCF9D4733B8 = {isa = PBXGroup; children = (DA3F0A9E011749E7AE2C83D1 /* AppleSignInService.swift */, E0D67F54ECD941D29B32D40C /* AudioSession.swift */, 9621F17AA1D74029A2C1A4B9 /* GoogleDriveAuthService.swift */, 96DAC771D8E14997B07BDE4F /* GoogleDriveClient.swift */, 7ACB1310D6F047B7B689E3C9 /* ICloudAccountService.swift */, 7F19F52A1D244D21804538FF /* MusicAPIClient.swift */, 73DD25AFE12F4D8C9EA229C8 /* MusicDownloadService.swift */, D8F4926BDEE84F23B7A73B55 /* MusicPlaybackEngine.swift */, 56E6B11B200C476D8FB3DBF5 /* MusicPlaybackService.swift */, 820A13A5A9334DA9AFDBB7CD /* MusicSourcesStore.swift */, 40B88390579B41CBBCDE1425 /* NowPlayingCenter.swift */, 75EE10ADF8704D05B9B3FB58 /* OfflineMusicStore.swift */, 674C8D69C966486E9E22C1F2 /* QnapDiscoveryService.swift */, B54099DAEF3D4F028CDBD67A /* QnapWebDAVDefaults.swift */, DE558CFD723F42D8BC052E8D /* TrackMetadataEnricher.swift */, 79E30C55765A46C399143B0D /* VideoPlaybackEngine.swift */, 41DB6318ABF74B26A51A5F79 /* VideoSourcesStore.swift */, 2F3CFA70E3F04B34B4CE64E1 /* WebDAVClient.swift */); path = Services; sourceTree = "<group>"; };
		624050243139411692F6E664 = {isa = PBXGroup; children = (ECF661394286478EA978C66D /* EOSTheme.swift */); path = Theme; sourceTree = "<group>"; };
		F8E90BEA6A964244B62C6D10 = {isa = PBXGroup; children = (58B6534EAC1447689D5B254E /* AlbumDetailView.swift */, B4193DACDABE4818A14A54DE /* ArtistDetailView.swift */, 041BC739D2A446D7B8949402 /* ExternalSourceDetailView.swift */, 162DF4CFB2C7478980DAFCC2 /* FavoritesView.swift */, 248A315F9612496AB71A20D3 /* FolderDetailView.swift */, 4B75FA54978C49128E5D84F4 /* FullPlayerView.swift */, D40785648C084AAE93453057 /* GoogleDriveConnectionSheet.swift */, 43B301C2E51A4790BA837A20 /* GoogleDriveFolderPickerView.swift */, 73045E0ABB284B60A8F21B23 /* ICloudConnectionSheet.swift */, B456B6FAAC6B45859DCF59C1 /* LibraryView.swift */, 1CB5576289A249A784E97AA8 /* LocalDownloadsBrowseView.swift */, 5EA31BAFAF284946B1F17F08 /* LoginView.swift */, 9594ABDBF33E49AAB278098B /* MainTabView.swift */, 63D64EA0E1F94319A4EF7093 /* MiniPlayerBar.swift */, B0721BB3994443E78CB36175 /* QnapConnectionSheet.swift */, BFBC79A0A1DA4C21A77C9D9E /* RootView.swift */, F9F0174FD48047A2AFF99490 /* SearchCatalogView.swift */, 4567B0603C7643B7A455064A /* SourcesView.swift */, 7BADC337C77743FE8CEE9D74 /* Components */, B4CAFEDD9168455B8947D9EB /* Library */, E7A45437311B4E4AB0E593EB /* Video */); path = Views; sourceTree = "<group>"; };
		7BADC337C77743FE8CEE9D74 = {isa = PBXGroup; children = (083B4E78FACC40B390424EDB /* AddToPlaylistSheet.swift */, 72201E2EACAF45B1B9BC0A41 /* CatalogTrackRow.swift */, A44F3BA3E7D940CAA5692F76 /* DownloadCloudButton.swift */, 84EF3A13E936419D99B37A33 /* FavoriteButton.swift */, 646CC88D4E694C8289A697AA /* FilesStyleComponents.swift */, 0F6507667B804A52BF669DBB /* SharedViews.swift */); path = Components; sourceTree = "<group>"; };
		B4CAFEDD9168455B8947D9EB = {isa = PBXGroup; children = (4DA337DBF8A841AC903A417B /* LibraryCategoryViews.swift */, CAB8F134E6D640BDA2DD3FFF /* LibraryStyle.swift */); path = Library; sourceTree = "<group>"; };
		E7A45437311B4E4AB0E593EB = {isa = PBXGroup; children = (34A1B5EE610646E188266E7A /* VideoFolderConnectionSheet.swift */, 221EB539FAC543699A9D2443 /* VideoFolderDetailView.swift */, CD6B7B2EE4E14BCFAD04039D /* VideoLibraryView.swift */, 41A38EDC7A244654A5EFB04F /* VideoPlayerView.swift */, B8038DC51428470EA36DE1BC /* VideoTrackPickers.swift */); path = Video; sourceTree = "<group>"; };
		8947C3B2CF084E4BAB94C575 = {isa = PBXGroup; children = (6C78DE1414CD47B4B8DBBF17 /* EOSMusicApp.swift */, 98D0D0B7C8684DBEA8617F52 /* App */, F5B55FFF1E62477AB8D5726C /* Core */, 31BF1A93B0994DB9BC2B231E /* Resources */, 510C76E9B6F14BCF9D4733B8 /* Services */, 624050243139411692F6E664 /* Theme */, F8E90BEA6A964244B62C6D10 /* Views */); path = EOSMusic; sourceTree = "<group>"; };
/* End PBXGroup section */

/* Begin PBXNativeTarget section */
		3E3D057045194AF98B33869D = {
			isa = PBXNativeTarget; buildConfigurationList = 06DBCFBED07447D88A60B04F;
			buildPhases = (EC3719FEEFE74876A5FF7068 /* Sources */, 4CF110A0040F4A129DCEE859 /* Frameworks */, 376E26311A494586967E4A3F /* Resources */, 5665D25AFE5640568E866866 /* Embed Frameworks */);
			buildRules = (); dependencies = (); name = EOSMusic;
			packageProductDependencies = ();
			productReference = 684A82BF1618410E8657F474; productType = "com.apple.product-type.application";
		};
/* End PBXNativeTarget section */

/* Begin PBXProject section */
		D3DAC31B8906420084384FA2 = {
			isa = PBXProject; buildConfigurationList = 8AEC5A4683064592B14CB74E; compatibilityVersion = "Xcode 14.0";
			developmentRegion = pl; hasScannedForEncodings = 0;
			mainGroup = B4BA9F89958B4052939DD3E2; productRefGroup = AC70C2CEE2C24E55A272A45B;
			packageReferences = ();
			projectDirPath = ""; projectRoot = "";
			targets = (3E3D057045194AF98B33869D /* EOSMusic */);
		};
/* End PBXProject section */

/* Begin PBXResourcesBuildPhase section */
		376E26311A494586967E4A3F = {isa = PBXResourcesBuildPhase; buildActionMask = 2147483647; files = (8C9DFDA4097140BBB8D44DBD /* Resources/Assets.xcassets in Resources */, E427A14E3D0F449BBB848777 /* Resources/GoogleOAuth.plist in Resources */); runOnlyForDeploymentPostprocessing = 0; };
/* End PBXResourcesBuildPhase section */

/* Begin PBXSourcesBuildPhase section */
		EC3719FEEFE74876A5FF7068 = {isa = PBXSourcesBuildPhase; buildActionMask = 2147483647; files = (FD2ED1577580486F9C4065D4 /* App/AppModel.swift in Sources */, C6F3A3985EC6477E8F67F5C9 /* App/VideoAppModel.swift in Sources */, E5DD69EB56E54FAAA4293755 /* Core/AppConfig.swift in Sources */, E7F60D2EBBCB48D0B757D46E /* Core/AppDocuments.swift in Sources */, 013068E2031B4B24B8648A3E /* Core/ExternalTrackReference.swift in Sources */, D0BE9E72436C40A1A0016757 /* Core/KeychainHelper.swift in Sources */, 34034144DADC4B869B671AE7 /* Core/Models.swift in Sources */, 1585D07E4A1F4CAFACC591D3 /* Core/MusicSourceModels.swift in Sources */, 16D6D3CEF70844F8BBA2A8B9 /* Core/OrientationLock.swift in Sources */, 76C2BFCE81F141C8B8C66D2F /* Core/VideoModels.swift in Sources */, 3755D36BFE1347C1B2772532 /* EOSMusicApp.swift in Sources */, 019055BB0824438A9A8E4F07 /* Services/AppleSignInService.swift in Sources */, C5A9E4088E6D4CE8912A1274 /* Services/AudioSession.swift in Sources */, A88EC39A74F14BE2999A0A38 /* Services/GoogleDriveAuthService.swift in Sources */, A2CC3B18AAC24A81AC887171 /* Services/GoogleDriveClient.swift in Sources */, 4DD2A210EE014C91839380BF /* Services/ICloudAccountService.swift in Sources */, DBC967CCDE754BFDB647BFF2 /* Services/MusicAPIClient.swift in Sources */, BF178BA90BBF46F68026C4CD /* Services/MusicDownloadService.swift in Sources */, C0D571DD1B724EB3A8F45672 /* Services/MusicPlaybackEngine.swift in Sources */, F4F236C0B9734BDDA4A5F65E /* Services/MusicPlaybackService.swift in Sources */, 24B8AA1180AB4B4D8285FD77 /* Services/MusicSourcesStore.swift in Sources */, CFF8005CE9E4408599E731BD /* Services/NowPlayingCenter.swift in Sources */, 5E38E398510947CD901FAD96 /* Services/OfflineMusicStore.swift in Sources */, F505FF534CF348B1A19B4D05 /* Services/QnapDiscoveryService.swift in Sources */, 47CA8C86D3B34FDF92DD91AF /* Services/QnapWebDAVDefaults.swift in Sources */, 7E110DE5C7B24998BAAD0E12 /* Services/TrackMetadataEnricher.swift in Sources */, 879A5630C5784E2DA75F1B7A /* Services/VideoPlaybackEngine.swift in Sources */, 25A9819045E34EAEB3B078B7 /* Services/VideoSourcesStore.swift in Sources */, 6C758917743149F6AC799361 /* Services/WebDAVClient.swift in Sources */, 6153A5AACB9E4F858C534658 /* Theme/EOSTheme.swift in Sources */, 6EAE3E4E957444B2BF1E5266 /* Views/AlbumDetailView.swift in Sources */, F519903341FE41E5A630CD80 /* Views/ArtistDetailView.swift in Sources */, 139C0D424DC14F5C95B164C9 /* Views/Components/AddToPlaylistSheet.swift in Sources */, 9BD9EF1062044142A76F1ECF /* Views/Components/CatalogTrackRow.swift in Sources */, 414DE4FCDF6049318897FB97 /* Views/Components/DownloadCloudButton.swift in Sources */, 18554ABC4A3B482A81477918 /* Views/Components/FavoriteButton.swift in Sources */, BDEC706D3FB1423C91DF3865 /* Views/Components/FilesStyleComponents.swift in Sources */, D7A01C8EDAE248E585DA973B /* Views/Components/SharedViews.swift in Sources */, 6D300B163A8845828BB21D77 /* Views/ExternalSourceDetailView.swift in Sources */, 73935CFAD5A7484FB12B43D7 /* Views/FavoritesView.swift in Sources */, 29E8A364B4FE44B282E9B426 /* Views/FolderDetailView.swift in Sources */, BA995E642FA84E0EA1C915BC /* Views/FullPlayerView.swift in Sources */, 56BB87D248974208B9F67E22 /* Views/GoogleDriveConnectionSheet.swift in Sources */, DB63A3A711E34A6BBDCA9FFB /* Views/GoogleDriveFolderPickerView.swift in Sources */, 6BABBEC9412F4E5EAE59E743 /* Views/ICloudConnectionSheet.swift in Sources */, 474039A6618B498CBC94A5EF /* Views/Library/LibraryCategoryViews.swift in Sources */, 7001122E359947178D754828 /* Views/Library/LibraryStyle.swift in Sources */, 43B9F1BC5B9340EAA65F4C02 /* Views/LibraryView.swift in Sources */, BEE7D533B53144F49961ACF6 /* Views/LocalDownloadsBrowseView.swift in Sources */, 66FF1C6D491648779917537C /* Views/LoginView.swift in Sources */, 1501FA9625C34D429C7EAFE6 /* Views/MainTabView.swift in Sources */, 6524C73A26BD4650BBD984D3 /* Views/MiniPlayerBar.swift in Sources */, 2E05EDD47087416BA73A75A2 /* Views/QnapConnectionSheet.swift in Sources */, 4F42BCE6CA0C4AD8A4EC4E94 /* Views/RootView.swift in Sources */, 1052CC13029346A59D9A1C22 /* Views/SearchCatalogView.swift in Sources */, 18BDDF03932E41A7A343B97D /* Views/SourcesView.swift in Sources */, 347898DDAA214EDA96D038EA /* Views/Video/VideoFolderConnectionSheet.swift in Sources */, D0ECE42AC5A249BEB6164986 /* Views/Video/VideoFolderDetailView.swift in Sources */, 3501B71B41B14834923938BF /* Views/Video/VideoLibraryView.swift in Sources */, 05E3AD097E7A4E48A0D659DF /* Views/Video/VideoPlayerView.swift in Sources */, 60E382F8530345ED9932D875 /* Views/Video/VideoTrackPickers.swift in Sources */); runOnlyForDeploymentPostprocessing = 0; };
/* End PBXSourcesBuildPhase section */

/* Begin XCBuildConfiguration section */
		5204D4E01E2543FA9124C256 = {isa = XCBuildConfiguration; name = Debug; buildSettings = {ALWAYS_SEARCH_USER_PATHS = NO; CLANG_ENABLE_MODULES = YES; COPY_PHASE_STRIP = NO; DEBUG_INFORMATION_FORMAT = dwarf; ENABLE_TESTABILITY = YES; GCC_DYNAMIC_NO_PIC = NO; GCC_OPTIMIZATION_LEVEL = 0; IPHONEOS_DEPLOYMENT_TARGET = 17.0; MTL_ENABLE_DEBUG_INFO = INCLUDE_SOURCE; ONLY_ACTIVE_ARCH = YES; SDKROOT = iphoneos; SWIFT_ACTIVE_COMPILATION_CONDITIONS = DEBUG; SWIFT_OPTIMIZATION_LEVEL = "-Onone"; }; };
		68092C6BD09A4802AE98A5C4 = {isa = XCBuildConfiguration; name = Release; buildSettings = {ALWAYS_SEARCH_USER_PATHS = NO; CLANG_ENABLE_MODULES = YES; COPY_PHASE_STRIP = NO; DEBUG_INFORMATION_FORMAT = "dwarf-with-dsym"; IPHONEOS_DEPLOYMENT_TARGET = 17.0; SDKROOT = iphoneos; SWIFT_COMPILATION_MODE = wholemodule; VALIDATE_PRODUCT = YES; }; };
		CCCF9502D92C4205B1921D0E = {isa = XCBuildConfiguration; name = Debug; buildSettings = {ASSETCATALOG_COMPILER_APPICON_NAME = AppIcon; ASSETCATALOG_COMPILER_GLOBAL_ACCENT_COLOR_NAME = AccentColor; CODE_SIGN_ENTITLEMENTS = EOSMusic/Resources/EOSMusic.entitlements; CODE_SIGN_STYLE = Automatic; CURRENT_PROJECT_VERSION = 5; DEVELOPMENT_TEAM = NW3YW69KL9; GENERATE_INFOPLIST_FILE = NO; INFOPLIST_FILE = EOSMusic/Resources/Info.plist; INFOPLIST_KEY_CFBundleDisplayName = "EOS™ Music"; INFOPLIST_KEY_LSApplicationCategoryType = "public.app-category.music"; IPHONEOS_DEPLOYMENT_TARGET = 17.0; LD_RUNPATH_SEARCH_PATHS = ("$(inherited)", "@executable_path/Frameworks"); FRAMEWORK_SEARCH_PATHS = ("$(inherited)", "$(PROJECT_DIR)/Vendor"); OTHER_LDFLAGS = ("$(inherited)", "-ObjC"); ENABLE_BITCODE = NO; MARKETING_VERSION = 1.0.0; PRODUCT_BUNDLE_IDENTIFIER = pl.nostalgie.eosmusic; PRODUCT_NAME = "$(TARGET_NAME)"; SWIFT_EMIT_LOC_STRINGS = YES; SWIFT_VERSION = 5.0; TARGETED_DEVICE_FAMILY = "1,2"; }; };
		782F7BE529E8471DA1E5EBEF = {isa = XCBuildConfiguration; name = Release; buildSettings = {ASSETCATALOG_COMPILER_APPICON_NAME = AppIcon; ASSETCATALOG_COMPILER_GLOBAL_ACCENT_COLOR_NAME = AccentColor; CODE_SIGN_ENTITLEMENTS = EOSMusic/Resources/EOSMusic.entitlements; CODE_SIGN_STYLE = Automatic; CURRENT_PROJECT_VERSION = 5; DEVELOPMENT_TEAM = NW3YW69KL9; GENERATE_INFOPLIST_FILE = NO; INFOPLIST_FILE = EOSMusic/Resources/Info.plist; INFOPLIST_KEY_CFBundleDisplayName = "EOS™ Music"; INFOPLIST_KEY_LSApplicationCategoryType = "public.app-category.music"; IPHONEOS_DEPLOYMENT_TARGET = 17.0; LD_RUNPATH_SEARCH_PATHS = ("$(inherited)", "@executable_path/Frameworks"); FRAMEWORK_SEARCH_PATHS = ("$(inherited)", "$(PROJECT_DIR)/Vendor"); OTHER_LDFLAGS = ("$(inherited)", "-ObjC"); ENABLE_BITCODE = NO; MARKETING_VERSION = 1.0.0; PRODUCT_BUNDLE_IDENTIFIER = pl.nostalgie.eosmusic; PRODUCT_NAME = "$(TARGET_NAME)"; SWIFT_EMIT_LOC_STRINGS = YES; SWIFT_VERSION = 5.0; TARGETED_DEVICE_FAMILY = "1,2"; }; };
/* End XCBuildConfiguration section */

/* Begin XCConfigurationList section */
		8AEC5A4683064592B14CB74E = {isa = XCConfigurationList; buildConfigurations = (5204D4E01E2543FA9124C256 /* Debug */, 68092C6BD09A4802AE98A5C4 /* Release */); defaultConfigurationIsVisible = 0; defaultConfigurationName = Release; };
		06DBCFBED07447D88A60B04F = {isa = XCConfigurationList; buildConfigurations = (CCCF9502D92C4205B1921D0E /* Debug */, 782F7BE529E8471DA1E5EBEF /* Release */); defaultConfigurationIsVisible = 0; defaultConfigurationName = Release; };
/* End XCConfigurationList section */
	};
	rootObject = D3DAC31B8906420084384FA2;
}
