// !$*UTF8*$!
{
	archiveVersion = 1;
	classes = {};
	objectVersion = 56;
	objects = {

/* Begin PBXBuildFile section */
		15CA47F7BEEC4B58A98CC48E /* App/AppModel.swift in Sources */ = {isa = PBXBuildFile; fileRef = 538278F164A449FC849313E4 /* App/AppModel.swift */; };
		A82863D3378F42A3B0E68D75 /* App/VideoAppModel.swift in Sources */ = {isa = PBXBuildFile; fileRef = A0198CF99F3F4584B03205BE /* App/VideoAppModel.swift */; };
		DEEE68B758B74E4296978F89 /* Core/AppConfig.swift in Sources */ = {isa = PBXBuildFile; fileRef = 17AFFFFBB81F48BCB551400D /* Core/AppConfig.swift */; };
		9006A1B5933F404D8BEECFE2 /* Core/AppDocuments.swift in Sources */ = {isa = PBXBuildFile; fileRef = 0D10B2C1D8884DAC8B6B06D6 /* Core/AppDocuments.swift */; };
		41836E38835340AABC9FE21D /* Core/ExternalTrackReference.swift in Sources */ = {isa = PBXBuildFile; fileRef = 8E75BB3D93E345EBBC9641C9 /* Core/ExternalTrackReference.swift */; };
		502A2AF767814B10A17B46DB /* Core/KeychainHelper.swift in Sources */ = {isa = PBXBuildFile; fileRef = B8F37ECF138D49E99F9AE651 /* Core/KeychainHelper.swift */; };
		986693E43148477C92721B1E /* Core/Models.swift in Sources */ = {isa = PBXBuildFile; fileRef = 3BE115CC3DA24D69ACE0ECDC /* Core/Models.swift */; };
		80F30E53D4D4416ABFFC4920 /* Core/MusicSourceModels.swift in Sources */ = {isa = PBXBuildFile; fileRef = DFF3B3E38A0246E589523291 /* Core/MusicSourceModels.swift */; };
		0CCDDEA86C124706A6699338 /* Core/OrientationLock.swift in Sources */ = {isa = PBXBuildFile; fileRef = F66514A59B884D2683B9B874 /* Core/OrientationLock.swift */; };
		CF5FEBCDC338403D8BFFC53F /* Core/VideoModels.swift in Sources */ = {isa = PBXBuildFile; fileRef = C44D4226D5B946059EB32793 /* Core/VideoModels.swift */; };
		F93F776041B14169BDE36955 /* EOSMusicApp.swift in Sources */ = {isa = PBXBuildFile; fileRef = 78888F2FA1434F6889AE3127 /* EOSMusicApp.swift */; };
		E03DC31A35934F828BB9FE34 /* Services/AppleSignInService.swift in Sources */ = {isa = PBXBuildFile; fileRef = C331E61403CD4D1BA94DBC7E /* Services/AppleSignInService.swift */; };
		B9B69C760E404B3D94176D69 /* Services/AudioSession.swift in Sources */ = {isa = PBXBuildFile; fileRef = 37C52AB98ED14D18A97460D6 /* Services/AudioSession.swift */; };
		AE36441774A144DAAFC4E30F /* Services/GoogleDriveAuthService.swift in Sources */ = {isa = PBXBuildFile; fileRef = 043758739F5840309255F4A0 /* Services/GoogleDriveAuthService.swift */; };
		F9AAD4AF684B4B209F7FAF53 /* Services/GoogleDriveClient.swift in Sources */ = {isa = PBXBuildFile; fileRef = D2847438A2864E769B7636C5 /* Services/GoogleDriveClient.swift */; };
		427794DE825D45D9A733B247 /* Services/ICloudAccountService.swift in Sources */ = {isa = PBXBuildFile; fileRef = 3427316000714DA3A07EA262 /* Services/ICloudAccountService.swift */; };
		BCB2D9FB81EA4F18B213DAC9 /* Services/MusicAPIClient.swift in Sources */ = {isa = PBXBuildFile; fileRef = F3948518074449429B450A6A /* Services/MusicAPIClient.swift */; };
		EE9D7166202F4119B57F3B74 /* Services/MusicDownloadService.swift in Sources */ = {isa = PBXBuildFile; fileRef = B9F8F38BBDB04FA190832420 /* Services/MusicDownloadService.swift */; };
		348D6468E2644A91AE9C153C /* Services/MusicPlaybackEngine.swift in Sources */ = {isa = PBXBuildFile; fileRef = DF75DE46A843484DAAC390FE /* Services/MusicPlaybackEngine.swift */; };
		3FFE888133144C9798575ADA /* Services/MusicPlaybackService.swift in Sources */ = {isa = PBXBuildFile; fileRef = AC6540A2CB7D479880CD19AF /* Services/MusicPlaybackService.swift */; };
		C28751BB68EE4B5199C42860 /* Services/MusicSourcesStore.swift in Sources */ = {isa = PBXBuildFile; fileRef = 910A282A555946DA896FA0AC /* Services/MusicSourcesStore.swift */; };
		35BD62220BD44F3EA7A18E86 /* Services/NowPlayingCenter.swift in Sources */ = {isa = PBXBuildFile; fileRef = E50EB4FCB53B412C8DDCA68E /* Services/NowPlayingCenter.swift */; };
		10A4ED6364464A90B64E45CC /* Services/OfflineMusicStore.swift in Sources */ = {isa = PBXBuildFile; fileRef = 7934E36805544DEAAE372365 /* Services/OfflineMusicStore.swift */; };
		4561CB3656F7455C8C4A5865 /* Services/QnapDiscoveryService.swift in Sources */ = {isa = PBXBuildFile; fileRef = D48A98C956B149C998C747F0 /* Services/QnapDiscoveryService.swift */; };
		948D3EE6E49A4100B9C41EB5 /* Services/QnapWebDAVDefaults.swift in Sources */ = {isa = PBXBuildFile; fileRef = 3B8B481EED2D4D649C8359A3 /* Services/QnapWebDAVDefaults.swift */; };
		7734F493BAE3408BA9EE92F1 /* Services/TrackMetadataEnricher.swift in Sources */ = {isa = PBXBuildFile; fileRef = 1B1AF04E07E34FB6A5AFD984 /* Services/TrackMetadataEnricher.swift */; };
		78F888FBE62A42BA836C139F /* Services/VideoPlaybackEngine.swift in Sources */ = {isa = PBXBuildFile; fileRef = 9A0873083D804170A2D815B8 /* Services/VideoPlaybackEngine.swift */; };
		1D5A8AD4F4AC4D5486BCED50 /* Services/VideoSourcesStore.swift in Sources */ = {isa = PBXBuildFile; fileRef = 28E63E3FD0D54C189619131D /* Services/VideoSourcesStore.swift */; };
		EC993AF7F7CB4DA8B8ABF67C /* Services/WebDAVClient.swift in Sources */ = {isa = PBXBuildFile; fileRef = EC78C13EB72D43D6B948D204 /* Services/WebDAVClient.swift */; };
		6AE850A250E24D0DA82AF272 /* Theme/EOSTheme.swift in Sources */ = {isa = PBXBuildFile; fileRef = 48F45A8B2974413CBF7E5678 /* Theme/EOSTheme.swift */; };
		8A13ED356B0C4543B3690575 /* Views/AccountView.swift in Sources */ = {isa = PBXBuildFile; fileRef = 13975B1BAC2E49469BFA8850 /* Views/AccountView.swift */; };
		B44642B069C1428981C620DE /* Views/AlbumDetailView.swift in Sources */ = {isa = PBXBuildFile; fileRef = E8232E07230547BA896AF8D2 /* Views/AlbumDetailView.swift */; };
		41E4FF53C9BD4DD587DEE741 /* Views/ArtistDetailView.swift in Sources */ = {isa = PBXBuildFile; fileRef = 03E1A10D984048649A09153C /* Views/ArtistDetailView.swift */; };
		86DF15AE6FF2474DB579AE2E /* Views/Components/AddToPlaylistSheet.swift in Sources */ = {isa = PBXBuildFile; fileRef = A6B0D9B4A3EE4B76B695B200 /* Views/Components/AddToPlaylistSheet.swift */; };
		31A2F47A765F425A8AB95A69 /* Views/Components/CatalogTrackRow.swift in Sources */ = {isa = PBXBuildFile; fileRef = 68F4B80C16A44A90A08756C4 /* Views/Components/CatalogTrackRow.swift */; };
		01BB558450794A70A13D85A0 /* Views/Components/DownloadCloudButton.swift in Sources */ = {isa = PBXBuildFile; fileRef = 867B53662564435485470991 /* Views/Components/DownloadCloudButton.swift */; };
		D2005F53C68F4CE7912F1723 /* Views/Components/FavoriteButton.swift in Sources */ = {isa = PBXBuildFile; fileRef = 79A7387917594675AFC27C40 /* Views/Components/FavoriteButton.swift */; };
		DE748BCBB85043BA9BECCFAA /* Views/Components/FilesStyleComponents.swift in Sources */ = {isa = PBXBuildFile; fileRef = 80443DE41449492880293BDD /* Views/Components/FilesStyleComponents.swift */; };
		C175979A0EC14F5B9055CF6A /* Views/Components/SharedViews.swift in Sources */ = {isa = PBXBuildFile; fileRef = B87CDCA6B4384CC5A59FA480 /* Views/Components/SharedViews.swift */; };
		5BDC3AE0E88C466296414DB5 /* Views/ExternalSourceDetailView.swift in Sources */ = {isa = PBXBuildFile; fileRef = 70B5E851C2B642C49ABA0AFC /* Views/ExternalSourceDetailView.swift */; };
		D5725A9B86F84DF4A540B67C /* Views/FavoritesView.swift in Sources */ = {isa = PBXBuildFile; fileRef = 09567753AB234ADB99F613A1 /* Views/FavoritesView.swift */; };
		61CC0ADD62FB4548BD06C346 /* Views/FolderDetailView.swift in Sources */ = {isa = PBXBuildFile; fileRef = B2E3D90E7AF44295B024F5EA /* Views/FolderDetailView.swift */; };
		104994FC0D05415BBEE861F0 /* Views/FullPlayerView.swift in Sources */ = {isa = PBXBuildFile; fileRef = 2D5DD4E53BF74CF09EBFEBD7 /* Views/FullPlayerView.swift */; };
		B7C2644FB10C468D8F8359B7 /* Views/GoogleDriveConnectionSheet.swift in Sources */ = {isa = PBXBuildFile; fileRef = 6855F9475825415A8CDC1C45 /* Views/GoogleDriveConnectionSheet.swift */; };
		85272D7A838C4D1E850BEF05 /* Views/GoogleDriveFolderPickerView.swift in Sources */ = {isa = PBXBuildFile; fileRef = AB82C9E8A0F34C82A0E39F0B /* Views/GoogleDriveFolderPickerView.swift */; };
		0E7E8E133B864DF2A8DE8778 /* Views/ICloudConnectionSheet.swift in Sources */ = {isa = PBXBuildFile; fileRef = 1074C2889144440481F4C669 /* Views/ICloudConnectionSheet.swift */; };
		E1BF177409254926B529DECF /* Views/Library/LibraryCategoryViews.swift in Sources */ = {isa = PBXBuildFile; fileRef = AE2102E41FE041F498FC2A87 /* Views/Library/LibraryCategoryViews.swift */; };
		F90B1EEEB4E84A8199927CB8 /* Views/Library/LibraryStyle.swift in Sources */ = {isa = PBXBuildFile; fileRef = E0C16C768B9C45F9B9C84782 /* Views/Library/LibraryStyle.swift */; };
		9F8092A2A6804018A79A94DA /* Views/LibraryView.swift in Sources */ = {isa = PBXBuildFile; fileRef = 5E9E0EBEA2F84375AD7CA8F7 /* Views/LibraryView.swift */; };
		FB0A905E27DB4E7BBF585042 /* Views/LocalDownloadsBrowseView.swift in Sources */ = {isa = PBXBuildFile; fileRef = C06FDC1439E44ED5BF130200 /* Views/LocalDownloadsBrowseView.swift */; };
		DFDF922E8C9D40569655B0F3 /* Views/LoginView.swift in Sources */ = {isa = PBXBuildFile; fileRef = 461567BE21D74D21A759116E /* Views/LoginView.swift */; };
		37D14F9CDE5946AA8C6A52A1 /* Views/MainTabView.swift in Sources */ = {isa = PBXBuildFile; fileRef = 360A0F355CBC46809F229019 /* Views/MainTabView.swift */; };
		29C4B61F026A4B828B047B72 /* Views/MiniPlayerBar.swift in Sources */ = {isa = PBXBuildFile; fileRef = 3B8042D4B463444798458890 /* Views/MiniPlayerBar.swift */; };
		B86DE16310E64304890B907F /* Views/PlayerEffectsSheet.swift in Sources */ = {isa = PBXBuildFile; fileRef = 60909961E12B4D30B87929EC /* Views/PlayerEffectsSheet.swift */; };
		9FF8F6779E544065A43B70C9 /* Views/QnapConnectionSheet.swift in Sources */ = {isa = PBXBuildFile; fileRef = 75C712D5347A49069349774E /* Views/QnapConnectionSheet.swift */; };
		E8BB9E385548488BB876AAEE /* Views/RootView.swift in Sources */ = {isa = PBXBuildFile; fileRef = 7A2D4618B9A648E2B490F636 /* Views/RootView.swift */; };
		833A82A413E740E99FE3232A /* Views/SearchCatalogView.swift in Sources */ = {isa = PBXBuildFile; fileRef = 6545F15130804786A5A8E98D /* Views/SearchCatalogView.swift */; };
		9E7CADC4EAD04999829B0662 /* Views/SourcesView.swift in Sources */ = {isa = PBXBuildFile; fileRef = ECDA0AA1CC5E478A9DAF504C /* Views/SourcesView.swift */; };
		A74A02CADA514D7B9455659C /* Views/Video/VideoAspectSheet.swift in Sources */ = {isa = PBXBuildFile; fileRef = 2C961C8E08E84D4A8B9C8148 /* Views/Video/VideoAspectSheet.swift */; };
		9CCD0A0E349C4C709572A843 /* Views/Video/VideoFolderConnectionSheet.swift in Sources */ = {isa = PBXBuildFile; fileRef = 581124BFEE36445CA24EDFA1 /* Views/Video/VideoFolderConnectionSheet.swift */; };
		6524829B863E492796606306 /* Views/Video/VideoFolderDetailView.swift in Sources */ = {isa = PBXBuildFile; fileRef = 4F9ACC5ADA3D4CD8AA6B363C /* Views/Video/VideoFolderDetailView.swift */; };
		DD7D3F2CE1E14F5FADE6A265 /* Views/Video/VideoLibraryView.swift in Sources */ = {isa = PBXBuildFile; fileRef = BBB724FBE93D4ED2B462BA95 /* Views/Video/VideoLibraryView.swift */; };
		EEB200CC6EE64E7AB1B08BB5 /* Views/Video/VideoPlayerView.swift in Sources */ = {isa = PBXBuildFile; fileRef = 62E4AFD939AB414C8432A974 /* Views/Video/VideoPlayerView.swift */; };
		82928FBFDD974B7494AFABBF /* Views/Video/VideoTrackPickers.swift in Sources */ = {isa = PBXBuildFile; fileRef = D1FD514621EE415EA3D1ACC4 /* Views/Video/VideoTrackPickers.swift */; };
		F59AE521FB3D42CD806271CE /* Resources/Assets.xcassets in Resources */ = {isa = PBXBuildFile; fileRef = BBE47B5EE2F449DD8C069DDA /* Resources/Assets.xcassets */; };
		9EB21147750F4588A8D55D1F /* Resources/GoogleOAuth.plist in Resources */ = {isa = PBXBuildFile; fileRef = 74E0603950A348D78583E4F5 /* Resources/GoogleOAuth.plist */; };
		A2FD4D5CE1564A09A799A6A0 /* MobileVLCKit.xcframework in Frameworks */ = {isa = PBXBuildFile; fileRef = FBB8440A4E98409A9818D103 /* MobileVLCKit.xcframework */; };
		B86440A54D884881A645DAE1 /* MobileVLCKit.xcframework in Embed Frameworks */ = {isa = PBXBuildFile; fileRef = FBB8440A4E98409A9818D103 /* MobileVLCKit.xcframework */; settings = {ATTRIBUTES = (CodeSignOnCopy, RemoveHeadersOnCopy, ); }; };
/* End PBXBuildFile section */

/* Begin PBXCopyFilesBuildPhase section */
		35D14C3B96A946AEB809976B /* Embed Frameworks */ = {
			isa = PBXCopyFilesBuildPhase;
			buildActionMask = 2147483647;
			dstPath = "";
			dstSubfolderSpec = 10;
			files = (B86440A54D884881A645DAE1 /* MobileVLCKit.xcframework in Embed Frameworks */);
			name = "Embed Frameworks";
			runOnlyForDeploymentPostprocessing = 0;
		};
/* End PBXCopyFilesBuildPhase section */

/* Begin PBXFileReference section */
		2B0C5276CF9F476BAFFB375F /* EOSMusic.app */ = {isa = PBXFileReference; explicitFileType = wrapper.application; includeInIndex = 0; path = EOSMusic.app; sourceTree = BUILT_PRODUCTS_DIR; };
		538278F164A449FC849313E4 /* App/AppModel.swift */ = {isa = PBXFileReference; lastKnownFileType = sourcecode.swift; path = AppModel.swift; sourceTree = "<group>"; };
		A0198CF99F3F4584B03205BE /* App/VideoAppModel.swift */ = {isa = PBXFileReference; lastKnownFileType = sourcecode.swift; path = VideoAppModel.swift; sourceTree = "<group>"; };
		17AFFFFBB81F48BCB551400D /* Core/AppConfig.swift */ = {isa = PBXFileReference; lastKnownFileType = sourcecode.swift; path = AppConfig.swift; sourceTree = "<group>"; };
		0D10B2C1D8884DAC8B6B06D6 /* Core/AppDocuments.swift */ = {isa = PBXFileReference; lastKnownFileType = sourcecode.swift; path = AppDocuments.swift; sourceTree = "<group>"; };
		8E75BB3D93E345EBBC9641C9 /* Core/ExternalTrackReference.swift */ = {isa = PBXFileReference; lastKnownFileType = sourcecode.swift; path = ExternalTrackReference.swift; sourceTree = "<group>"; };
		B8F37ECF138D49E99F9AE651 /* Core/KeychainHelper.swift */ = {isa = PBXFileReference; lastKnownFileType = sourcecode.swift; path = KeychainHelper.swift; sourceTree = "<group>"; };
		3BE115CC3DA24D69ACE0ECDC /* Core/Models.swift */ = {isa = PBXFileReference; lastKnownFileType = sourcecode.swift; path = Models.swift; sourceTree = "<group>"; };
		DFF3B3E38A0246E589523291 /* Core/MusicSourceModels.swift */ = {isa = PBXFileReference; lastKnownFileType = sourcecode.swift; path = MusicSourceModels.swift; sourceTree = "<group>"; };
		F66514A59B884D2683B9B874 /* Core/OrientationLock.swift */ = {isa = PBXFileReference; lastKnownFileType = sourcecode.swift; path = OrientationLock.swift; sourceTree = "<group>"; };
		C44D4226D5B946059EB32793 /* Core/VideoModels.swift */ = {isa = PBXFileReference; lastKnownFileType = sourcecode.swift; path = VideoModels.swift; sourceTree = "<group>"; };
		78888F2FA1434F6889AE3127 /* EOSMusicApp.swift */ = {isa = PBXFileReference; lastKnownFileType = sourcecode.swift; path = EOSMusicApp.swift; sourceTree = "<group>"; };
		C331E61403CD4D1BA94DBC7E /* Services/AppleSignInService.swift */ = {isa = PBXFileReference; lastKnownFileType = sourcecode.swift; path = AppleSignInService.swift; sourceTree = "<group>"; };
		37C52AB98ED14D18A97460D6 /* Services/AudioSession.swift */ = {isa = PBXFileReference; lastKnownFileType = sourcecode.swift; path = AudioSession.swift; sourceTree = "<group>"; };
		043758739F5840309255F4A0 /* Services/GoogleDriveAuthService.swift */ = {isa = PBXFileReference; lastKnownFileType = sourcecode.swift; path = GoogleDriveAuthService.swift; sourceTree = "<group>"; };
		D2847438A2864E769B7636C5 /* Services/GoogleDriveClient.swift */ = {isa = PBXFileReference; lastKnownFileType = sourcecode.swift; path = GoogleDriveClient.swift; sourceTree = "<group>"; };
		3427316000714DA3A07EA262 /* Services/ICloudAccountService.swift */ = {isa = PBXFileReference; lastKnownFileType = sourcecode.swift; path = ICloudAccountService.swift; sourceTree = "<group>"; };
		F3948518074449429B450A6A /* Services/MusicAPIClient.swift */ = {isa = PBXFileReference; lastKnownFileType = sourcecode.swift; path = MusicAPIClient.swift; sourceTree = "<group>"; };
		B9F8F38BBDB04FA190832420 /* Services/MusicDownloadService.swift */ = {isa = PBXFileReference; lastKnownFileType = sourcecode.swift; path = MusicDownloadService.swift; sourceTree = "<group>"; };
		DF75DE46A843484DAAC390FE /* Services/MusicPlaybackEngine.swift */ = {isa = PBXFileReference; lastKnownFileType = sourcecode.swift; path = MusicPlaybackEngine.swift; sourceTree = "<group>"; };
		AC6540A2CB7D479880CD19AF /* Services/MusicPlaybackService.swift */ = {isa = PBXFileReference; lastKnownFileType = sourcecode.swift; path = MusicPlaybackService.swift; sourceTree = "<group>"; };
		910A282A555946DA896FA0AC /* Services/MusicSourcesStore.swift */ = {isa = PBXFileReference; lastKnownFileType = sourcecode.swift; path = MusicSourcesStore.swift; sourceTree = "<group>"; };
		E50EB4FCB53B412C8DDCA68E /* Services/NowPlayingCenter.swift */ = {isa = PBXFileReference; lastKnownFileType = sourcecode.swift; path = NowPlayingCenter.swift; sourceTree = "<group>"; };
		7934E36805544DEAAE372365 /* Services/OfflineMusicStore.swift */ = {isa = PBXFileReference; lastKnownFileType = sourcecode.swift; path = OfflineMusicStore.swift; sourceTree = "<group>"; };
		D48A98C956B149C998C747F0 /* Services/QnapDiscoveryService.swift */ = {isa = PBXFileReference; lastKnownFileType = sourcecode.swift; path = QnapDiscoveryService.swift; sourceTree = "<group>"; };
		3B8B481EED2D4D649C8359A3 /* Services/QnapWebDAVDefaults.swift */ = {isa = PBXFileReference; lastKnownFileType = sourcecode.swift; path = QnapWebDAVDefaults.swift; sourceTree = "<group>"; };
		1B1AF04E07E34FB6A5AFD984 /* Services/TrackMetadataEnricher.swift */ = {isa = PBXFileReference; lastKnownFileType = sourcecode.swift; path = TrackMetadataEnricher.swift; sourceTree = "<group>"; };
		9A0873083D804170A2D815B8 /* Services/VideoPlaybackEngine.swift */ = {isa = PBXFileReference; lastKnownFileType = sourcecode.swift; path = VideoPlaybackEngine.swift; sourceTree = "<group>"; };
		28E63E3FD0D54C189619131D /* Services/VideoSourcesStore.swift */ = {isa = PBXFileReference; lastKnownFileType = sourcecode.swift; path = VideoSourcesStore.swift; sourceTree = "<group>"; };
		EC78C13EB72D43D6B948D204 /* Services/WebDAVClient.swift */ = {isa = PBXFileReference; lastKnownFileType = sourcecode.swift; path = WebDAVClient.swift; sourceTree = "<group>"; };
		48F45A8B2974413CBF7E5678 /* Theme/EOSTheme.swift */ = {isa = PBXFileReference; lastKnownFileType = sourcecode.swift; path = EOSTheme.swift; sourceTree = "<group>"; };
		13975B1BAC2E49469BFA8850 /* Views/AccountView.swift */ = {isa = PBXFileReference; lastKnownFileType = sourcecode.swift; path = AccountView.swift; sourceTree = "<group>"; };
		E8232E07230547BA896AF8D2 /* Views/AlbumDetailView.swift */ = {isa = PBXFileReference; lastKnownFileType = sourcecode.swift; path = AlbumDetailView.swift; sourceTree = "<group>"; };
		03E1A10D984048649A09153C /* Views/ArtistDetailView.swift */ = {isa = PBXFileReference; lastKnownFileType = sourcecode.swift; path = ArtistDetailView.swift; sourceTree = "<group>"; };
		A6B0D9B4A3EE4B76B695B200 /* Views/Components/AddToPlaylistSheet.swift */ = {isa = PBXFileReference; lastKnownFileType = sourcecode.swift; path = AddToPlaylistSheet.swift; sourceTree = "<group>"; };
		68F4B80C16A44A90A08756C4 /* Views/Components/CatalogTrackRow.swift */ = {isa = PBXFileReference; lastKnownFileType = sourcecode.swift; path = CatalogTrackRow.swift; sourceTree = "<group>"; };
		867B53662564435485470991 /* Views/Components/DownloadCloudButton.swift */ = {isa = PBXFileReference; lastKnownFileType = sourcecode.swift; path = DownloadCloudButton.swift; sourceTree = "<group>"; };
		79A7387917594675AFC27C40 /* Views/Components/FavoriteButton.swift */ = {isa = PBXFileReference; lastKnownFileType = sourcecode.swift; path = FavoriteButton.swift; sourceTree = "<group>"; };
		80443DE41449492880293BDD /* Views/Components/FilesStyleComponents.swift */ = {isa = PBXFileReference; lastKnownFileType = sourcecode.swift; path = FilesStyleComponents.swift; sourceTree = "<group>"; };
		B87CDCA6B4384CC5A59FA480 /* Views/Components/SharedViews.swift */ = {isa = PBXFileReference; lastKnownFileType = sourcecode.swift; path = SharedViews.swift; sourceTree = "<group>"; };
		70B5E851C2B642C49ABA0AFC /* Views/ExternalSourceDetailView.swift */ = {isa = PBXFileReference; lastKnownFileType = sourcecode.swift; path = ExternalSourceDetailView.swift; sourceTree = "<group>"; };
		09567753AB234ADB99F613A1 /* Views/FavoritesView.swift */ = {isa = PBXFileReference; lastKnownFileType = sourcecode.swift; path = FavoritesView.swift; sourceTree = "<group>"; };
		B2E3D90E7AF44295B024F5EA /* Views/FolderDetailView.swift */ = {isa = PBXFileReference; lastKnownFileType = sourcecode.swift; path = FolderDetailView.swift; sourceTree = "<group>"; };
		2D5DD4E53BF74CF09EBFEBD7 /* Views/FullPlayerView.swift */ = {isa = PBXFileReference; lastKnownFileType = sourcecode.swift; path = FullPlayerView.swift; sourceTree = "<group>"; };
		6855F9475825415A8CDC1C45 /* Views/GoogleDriveConnectionSheet.swift */ = {isa = PBXFileReference; lastKnownFileType = sourcecode.swift; path = GoogleDriveConnectionSheet.swift; sourceTree = "<group>"; };
		AB82C9E8A0F34C82A0E39F0B /* Views/GoogleDriveFolderPickerView.swift */ = {isa = PBXFileReference; lastKnownFileType = sourcecode.swift; path = GoogleDriveFolderPickerView.swift; sourceTree = "<group>"; };
		1074C2889144440481F4C669 /* Views/ICloudConnectionSheet.swift */ = {isa = PBXFileReference; lastKnownFileType = sourcecode.swift; path = ICloudConnectionSheet.swift; sourceTree = "<group>"; };
		AE2102E41FE041F498FC2A87 /* Views/Library/LibraryCategoryViews.swift */ = {isa = PBXFileReference; lastKnownFileType = sourcecode.swift; path = LibraryCategoryViews.swift; sourceTree = "<group>"; };
		E0C16C768B9C45F9B9C84782 /* Views/Library/LibraryStyle.swift */ = {isa = PBXFileReference; lastKnownFileType = sourcecode.swift; path = LibraryStyle.swift; sourceTree = "<group>"; };
		5E9E0EBEA2F84375AD7CA8F7 /* Views/LibraryView.swift */ = {isa = PBXFileReference; lastKnownFileType = sourcecode.swift; path = LibraryView.swift; sourceTree = "<group>"; };
		C06FDC1439E44ED5BF130200 /* Views/LocalDownloadsBrowseView.swift */ = {isa = PBXFileReference; lastKnownFileType = sourcecode.swift; path = LocalDownloadsBrowseView.swift; sourceTree = "<group>"; };
		461567BE21D74D21A759116E /* Views/LoginView.swift */ = {isa = PBXFileReference; lastKnownFileType = sourcecode.swift; path = LoginView.swift; sourceTree = "<group>"; };
		360A0F355CBC46809F229019 /* Views/MainTabView.swift */ = {isa = PBXFileReference; lastKnownFileType = sourcecode.swift; path = MainTabView.swift; sourceTree = "<group>"; };
		3B8042D4B463444798458890 /* Views/MiniPlayerBar.swift */ = {isa = PBXFileReference; lastKnownFileType = sourcecode.swift; path = MiniPlayerBar.swift; sourceTree = "<group>"; };
		60909961E12B4D30B87929EC /* Views/PlayerEffectsSheet.swift */ = {isa = PBXFileReference; lastKnownFileType = sourcecode.swift; path = PlayerEffectsSheet.swift; sourceTree = "<group>"; };
		75C712D5347A49069349774E /* Views/QnapConnectionSheet.swift */ = {isa = PBXFileReference; lastKnownFileType = sourcecode.swift; path = QnapConnectionSheet.swift; sourceTree = "<group>"; };
		7A2D4618B9A648E2B490F636 /* Views/RootView.swift */ = {isa = PBXFileReference; lastKnownFileType = sourcecode.swift; path = RootView.swift; sourceTree = "<group>"; };
		6545F15130804786A5A8E98D /* Views/SearchCatalogView.swift */ = {isa = PBXFileReference; lastKnownFileType = sourcecode.swift; path = SearchCatalogView.swift; sourceTree = "<group>"; };
		ECDA0AA1CC5E478A9DAF504C /* Views/SourcesView.swift */ = {isa = PBXFileReference; lastKnownFileType = sourcecode.swift; path = SourcesView.swift; sourceTree = "<group>"; };
		2C961C8E08E84D4A8B9C8148 /* Views/Video/VideoAspectSheet.swift */ = {isa = PBXFileReference; lastKnownFileType = sourcecode.swift; path = VideoAspectSheet.swift; sourceTree = "<group>"; };
		581124BFEE36445CA24EDFA1 /* Views/Video/VideoFolderConnectionSheet.swift */ = {isa = PBXFileReference; lastKnownFileType = sourcecode.swift; path = VideoFolderConnectionSheet.swift; sourceTree = "<group>"; };
		4F9ACC5ADA3D4CD8AA6B363C /* Views/Video/VideoFolderDetailView.swift */ = {isa = PBXFileReference; lastKnownFileType = sourcecode.swift; path = VideoFolderDetailView.swift; sourceTree = "<group>"; };
		BBB724FBE93D4ED2B462BA95 /* Views/Video/VideoLibraryView.swift */ = {isa = PBXFileReference; lastKnownFileType = sourcecode.swift; path = VideoLibraryView.swift; sourceTree = "<group>"; };
		62E4AFD939AB414C8432A974 /* Views/Video/VideoPlayerView.swift */ = {isa = PBXFileReference; lastKnownFileType = sourcecode.swift; path = VideoPlayerView.swift; sourceTree = "<group>"; };
		D1FD514621EE415EA3D1ACC4 /* Views/Video/VideoTrackPickers.swift */ = {isa = PBXFileReference; lastKnownFileType = sourcecode.swift; path = VideoTrackPickers.swift; sourceTree = "<group>"; };
		BBE47B5EE2F449DD8C069DDA /* Resources/Assets.xcassets */ = {isa = PBXFileReference; lastKnownFileType = folder.assetcatalog; path = Assets.xcassets; sourceTree = "<group>"; };
		74E0603950A348D78583E4F5 /* Resources/GoogleOAuth.plist */ = {isa = PBXFileReference; lastKnownFileType = text.plist.xml; path = GoogleOAuth.plist; sourceTree = "<group>"; };
		FBB8440A4E98409A9818D103 /* MobileVLCKit.xcframework */ = {isa = PBXFileReference; lastKnownFileType = wrapper.xcframework; name = MobileVLCKit.xcframework; path = Vendor/MobileVLCKit.xcframework; sourceTree = "<group>"; };
/* End PBXFileReference section */

/* Begin PBXFrameworksBuildPhase section */
		5462400E127F449A81CFEEDA = {isa = PBXFrameworksBuildPhase; buildActionMask = 2147483647; files = (A2FD4D5CE1564A09A799A6A0 /* MobileVLCKit.xcframework in Frameworks */); runOnlyForDeploymentPostprocessing = 0; };
/* End PBXFrameworksBuildPhase section */

/* Begin PBXGroup section */
		A28F98B9BC304F36B73C1CB0 = {isa = PBXGroup; children = (2B0C5276CF9F476BAFFB375F /* EOSMusic.app */); name = Products; sourceTree = "<group>"; };
		3F9DE412E3054DE698A40A27 = {isa = PBXGroup; children = (FBB8440A4E98409A9818D103 /* MobileVLCKit.xcframework */); name = Vendor; sourceTree = "<group>"; };
		3B57423C994C44E483C65895 = {isa = PBXGroup; children = (7A793559D38443779050BCEB /* EOSMusic */, 3F9DE412E3054DE698A40A27 /* Vendor */, A28F98B9BC304F36B73C1CB0 /* Products */); sourceTree = "<group>"; };
		43EA02D42F0741E69887D7DE = {isa = PBXGroup; children = (538278F164A449FC849313E4 /* AppModel.swift */, A0198CF99F3F4584B03205BE /* VideoAppModel.swift */); path = App; sourceTree = "<group>"; };
		3EEF007D2B0A42BB823CF78F = {isa = PBXGroup; children = (17AFFFFBB81F48BCB551400D /* AppConfig.swift */, 0D10B2C1D8884DAC8B6B06D6 /* AppDocuments.swift */, 8E75BB3D93E345EBBC9641C9 /* ExternalTrackReference.swift */, B8F37ECF138D49E99F9AE651 /* KeychainHelper.swift */, 3BE115CC3DA24D69ACE0ECDC /* Models.swift */, DFF3B3E38A0246E589523291 /* MusicSourceModels.swift */, F66514A59B884D2683B9B874 /* OrientationLock.swift */, C44D4226D5B946059EB32793 /* VideoModels.swift */); path = Core; sourceTree = "<group>"; };
		8C9937803A604453BECA0827 = {isa = PBXGroup; children = (BBE47B5EE2F449DD8C069DDA /* Assets.xcassets */, 74E0603950A348D78583E4F5 /* GoogleOAuth.plist */); path = Resources; sourceTree = "<group>"; };
		89050313D20C4670A671CD81 = {isa = PBXGroup; children = (C331E61403CD4D1BA94DBC7E /* AppleSignInService.swift */, 37C52AB98ED14D18A97460D6 /* AudioSession.swift */, 043758739F5840309255F4A0 /* GoogleDriveAuthService.swift */, D2847438A2864E769B7636C5 /* GoogleDriveClient.swift */, 3427316000714DA3A07EA262 /* ICloudAccountService.swift */, F3948518074449429B450A6A /* MusicAPIClient.swift */, B9F8F38BBDB04FA190832420 /* MusicDownloadService.swift */, DF75DE46A843484DAAC390FE /* MusicPlaybackEngine.swift */, AC6540A2CB7D479880CD19AF /* MusicPlaybackService.swift */, 910A282A555946DA896FA0AC /* MusicSourcesStore.swift */, E50EB4FCB53B412C8DDCA68E /* NowPlayingCenter.swift */, 7934E36805544DEAAE372365 /* OfflineMusicStore.swift */, D48A98C956B149C998C747F0 /* QnapDiscoveryService.swift */, 3B8B481EED2D4D649C8359A3 /* QnapWebDAVDefaults.swift */, 1B1AF04E07E34FB6A5AFD984 /* TrackMetadataEnricher.swift */, 9A0873083D804170A2D815B8 /* VideoPlaybackEngine.swift */, 28E63E3FD0D54C189619131D /* VideoSourcesStore.swift */, EC78C13EB72D43D6B948D204 /* WebDAVClient.swift */); path = Services; sourceTree = "<group>"; };
		0A05B11AD77F47F9854F8CD6 = {isa = PBXGroup; children = (48F45A8B2974413CBF7E5678 /* EOSTheme.swift */); path = Theme; sourceTree = "<group>"; };
		425D7444E5FA42439AC096CD = {isa = PBXGroup; children = (13975B1BAC2E49469BFA8850 /* AccountView.swift */, E8232E07230547BA896AF8D2 /* AlbumDetailView.swift */, 03E1A10D984048649A09153C /* ArtistDetailView.swift */, 70B5E851C2B642C49ABA0AFC /* ExternalSourceDetailView.swift */, 09567753AB234ADB99F613A1 /* FavoritesView.swift */, B2E3D90E7AF44295B024F5EA /* FolderDetailView.swift */, 2D5DD4E53BF74CF09EBFEBD7 /* FullPlayerView.swift */, 6855F9475825415A8CDC1C45 /* GoogleDriveConnectionSheet.swift */, AB82C9E8A0F34C82A0E39F0B /* GoogleDriveFolderPickerView.swift */, 1074C2889144440481F4C669 /* ICloudConnectionSheet.swift */, 5E9E0EBEA2F84375AD7CA8F7 /* LibraryView.swift */, C06FDC1439E44ED5BF130200 /* LocalDownloadsBrowseView.swift */, 461567BE21D74D21A759116E /* LoginView.swift */, 360A0F355CBC46809F229019 /* MainTabView.swift */, 3B8042D4B463444798458890 /* MiniPlayerBar.swift */, 60909961E12B4D30B87929EC /* PlayerEffectsSheet.swift */, 75C712D5347A49069349774E /* QnapConnectionSheet.swift */, 7A2D4618B9A648E2B490F636 /* RootView.swift */, 6545F15130804786A5A8E98D /* SearchCatalogView.swift */, ECDA0AA1CC5E478A9DAF504C /* SourcesView.swift */, 354694D3D8314C798C5BCF17 /* Components */, 1BA805D20CF941FFBBEB2B37 /* Library */, AC503D75F2FC45A89EF97DF1 /* Video */); path = Views; sourceTree = "<group>"; };
		354694D3D8314C798C5BCF17 = {isa = PBXGroup; children = (A6B0D9B4A3EE4B76B695B200 /* AddToPlaylistSheet.swift */, 68F4B80C16A44A90A08756C4 /* CatalogTrackRow.swift */, 867B53662564435485470991 /* DownloadCloudButton.swift */, 79A7387917594675AFC27C40 /* FavoriteButton.swift */, 80443DE41449492880293BDD /* FilesStyleComponents.swift */, B87CDCA6B4384CC5A59FA480 /* SharedViews.swift */); path = Components; sourceTree = "<group>"; };
		1BA805D20CF941FFBBEB2B37 = {isa = PBXGroup; children = (AE2102E41FE041F498FC2A87 /* LibraryCategoryViews.swift */, E0C16C768B9C45F9B9C84782 /* LibraryStyle.swift */); path = Library; sourceTree = "<group>"; };
		AC503D75F2FC45A89EF97DF1 = {isa = PBXGroup; children = (2C961C8E08E84D4A8B9C8148 /* VideoAspectSheet.swift */, 581124BFEE36445CA24EDFA1 /* VideoFolderConnectionSheet.swift */, 4F9ACC5ADA3D4CD8AA6B363C /* VideoFolderDetailView.swift */, BBB724FBE93D4ED2B462BA95 /* VideoLibraryView.swift */, 62E4AFD939AB414C8432A974 /* VideoPlayerView.swift */, D1FD514621EE415EA3D1ACC4 /* VideoTrackPickers.swift */); path = Video; sourceTree = "<group>"; };
		7A793559D38443779050BCEB = {isa = PBXGroup; children = (78888F2FA1434F6889AE3127 /* EOSMusicApp.swift */, 43EA02D42F0741E69887D7DE /* App */, 3EEF007D2B0A42BB823CF78F /* Core */, 8C9937803A604453BECA0827 /* Resources */, 89050313D20C4670A671CD81 /* Services */, 0A05B11AD77F47F9854F8CD6 /* Theme */, 425D7444E5FA42439AC096CD /* Views */); path = EOSMusic; sourceTree = "<group>"; };
/* End PBXGroup section */

/* Begin PBXNativeTarget section */
		95F9D841F1C640E29247B42B = {
			isa = PBXNativeTarget; buildConfigurationList = D9730CEC6AC94B29B470F39A;
			buildPhases = (40B481A6832C4DFE8BA57AF4 /* Sources */, 5462400E127F449A81CFEEDA /* Frameworks */, DD1E0D6F818244ABBBC78E2F /* Resources */, 35D14C3B96A946AEB809976B /* Embed Frameworks */);
			buildRules = (); dependencies = (); name = EOSMusic;
			packageProductDependencies = ();
			productReference = 2B0C5276CF9F476BAFFB375F; productType = "com.apple.product-type.application";
		};
/* End PBXNativeTarget section */

/* Begin PBXProject section */
		A2FF9D7F10FE4635BF4A7927 = {
			isa = PBXProject; buildConfigurationList = 1DFBE7F0F2794E4FA7AA8C6A; compatibilityVersion = "Xcode 14.0";
			developmentRegion = pl; hasScannedForEncodings = 0;
			mainGroup = 3B57423C994C44E483C65895; productRefGroup = A28F98B9BC304F36B73C1CB0;
			packageReferences = ();
			projectDirPath = ""; projectRoot = "";
			targets = (95F9D841F1C640E29247B42B /* EOSMusic */);
		};
/* End PBXProject section */

/* Begin PBXResourcesBuildPhase section */
		DD1E0D6F818244ABBBC78E2F = {isa = PBXResourcesBuildPhase; buildActionMask = 2147483647; files = (F59AE521FB3D42CD806271CE /* Resources/Assets.xcassets in Resources */, 9EB21147750F4588A8D55D1F /* Resources/GoogleOAuth.plist in Resources */); runOnlyForDeploymentPostprocessing = 0; };
/* End PBXResourcesBuildPhase section */

/* Begin PBXSourcesBuildPhase section */
		40B481A6832C4DFE8BA57AF4 = {isa = PBXSourcesBuildPhase; buildActionMask = 2147483647; files = (15CA47F7BEEC4B58A98CC48E /* App/AppModel.swift in Sources */, A82863D3378F42A3B0E68D75 /* App/VideoAppModel.swift in Sources */, DEEE68B758B74E4296978F89 /* Core/AppConfig.swift in Sources */, 9006A1B5933F404D8BEECFE2 /* Core/AppDocuments.swift in Sources */, 41836E38835340AABC9FE21D /* Core/ExternalTrackReference.swift in Sources */, 502A2AF767814B10A17B46DB /* Core/KeychainHelper.swift in Sources */, 986693E43148477C92721B1E /* Core/Models.swift in Sources */, 80F30E53D4D4416ABFFC4920 /* Core/MusicSourceModels.swift in Sources */, 0CCDDEA86C124706A6699338 /* Core/OrientationLock.swift in Sources */, CF5FEBCDC338403D8BFFC53F /* Core/VideoModels.swift in Sources */, F93F776041B14169BDE36955 /* EOSMusicApp.swift in Sources */, E03DC31A35934F828BB9FE34 /* Services/AppleSignInService.swift in Sources */, B9B69C760E404B3D94176D69 /* Services/AudioSession.swift in Sources */, AE36441774A144DAAFC4E30F /* Services/GoogleDriveAuthService.swift in Sources */, F9AAD4AF684B4B209F7FAF53 /* Services/GoogleDriveClient.swift in Sources */, 427794DE825D45D9A733B247 /* Services/ICloudAccountService.swift in Sources */, BCB2D9FB81EA4F18B213DAC9 /* Services/MusicAPIClient.swift in Sources */, EE9D7166202F4119B57F3B74 /* Services/MusicDownloadService.swift in Sources */, 348D6468E2644A91AE9C153C /* Services/MusicPlaybackEngine.swift in Sources */, 3FFE888133144C9798575ADA /* Services/MusicPlaybackService.swift in Sources */, C28751BB68EE4B5199C42860 /* Services/MusicSourcesStore.swift in Sources */, 35BD62220BD44F3EA7A18E86 /* Services/NowPlayingCenter.swift in Sources */, 10A4ED6364464A90B64E45CC /* Services/OfflineMusicStore.swift in Sources */, 4561CB3656F7455C8C4A5865 /* Services/QnapDiscoveryService.swift in Sources */, 948D3EE6E49A4100B9C41EB5 /* Services/QnapWebDAVDefaults.swift in Sources */, 7734F493BAE3408BA9EE92F1 /* Services/TrackMetadataEnricher.swift in Sources */, 78F888FBE62A42BA836C139F /* Services/VideoPlaybackEngine.swift in Sources */, 1D5A8AD4F4AC4D5486BCED50 /* Services/VideoSourcesStore.swift in Sources */, EC993AF7F7CB4DA8B8ABF67C /* Services/WebDAVClient.swift in Sources */, 6AE850A250E24D0DA82AF272 /* Theme/EOSTheme.swift in Sources */, 8A13ED356B0C4543B3690575 /* Views/AccountView.swift in Sources */, B44642B069C1428981C620DE /* Views/AlbumDetailView.swift in Sources */, 41E4FF53C9BD4DD587DEE741 /* Views/ArtistDetailView.swift in Sources */, 86DF15AE6FF2474DB579AE2E /* Views/Components/AddToPlaylistSheet.swift in Sources */, 31A2F47A765F425A8AB95A69 /* Views/Components/CatalogTrackRow.swift in Sources */, 01BB558450794A70A13D85A0 /* Views/Components/DownloadCloudButton.swift in Sources */, D2005F53C68F4CE7912F1723 /* Views/Components/FavoriteButton.swift in Sources */, DE748BCBB85043BA9BECCFAA /* Views/Components/FilesStyleComponents.swift in Sources */, C175979A0EC14F5B9055CF6A /* Views/Components/SharedViews.swift in Sources */, 5BDC3AE0E88C466296414DB5 /* Views/ExternalSourceDetailView.swift in Sources */, D5725A9B86F84DF4A540B67C /* Views/FavoritesView.swift in Sources */, 61CC0ADD62FB4548BD06C346 /* Views/FolderDetailView.swift in Sources */, 104994FC0D05415BBEE861F0 /* Views/FullPlayerView.swift in Sources */, B7C2644FB10C468D8F8359B7 /* Views/GoogleDriveConnectionSheet.swift in Sources */, 85272D7A838C4D1E850BEF05 /* Views/GoogleDriveFolderPickerView.swift in Sources */, 0E7E8E133B864DF2A8DE8778 /* Views/ICloudConnectionSheet.swift in Sources */, E1BF177409254926B529DECF /* Views/Library/LibraryCategoryViews.swift in Sources */, F90B1EEEB4E84A8199927CB8 /* Views/Library/LibraryStyle.swift in Sources */, 9F8092A2A6804018A79A94DA /* Views/LibraryView.swift in Sources */, FB0A905E27DB4E7BBF585042 /* Views/LocalDownloadsBrowseView.swift in Sources */, DFDF922E8C9D40569655B0F3 /* Views/LoginView.swift in Sources */, 37D14F9CDE5946AA8C6A52A1 /* Views/MainTabView.swift in Sources */, 29C4B61F026A4B828B047B72 /* Views/MiniPlayerBar.swift in Sources */, B86DE16310E64304890B907F /* Views/PlayerEffectsSheet.swift in Sources */, 9FF8F6779E544065A43B70C9 /* Views/QnapConnectionSheet.swift in Sources */, E8BB9E385548488BB876AAEE /* Views/RootView.swift in Sources */, 833A82A413E740E99FE3232A /* Views/SearchCatalogView.swift in Sources */, 9E7CADC4EAD04999829B0662 /* Views/SourcesView.swift in Sources */, A74A02CADA514D7B9455659C /* Views/Video/VideoAspectSheet.swift in Sources */, 9CCD0A0E349C4C709572A843 /* Views/Video/VideoFolderConnectionSheet.swift in Sources */, 6524829B863E492796606306 /* Views/Video/VideoFolderDetailView.swift in Sources */, DD7D3F2CE1E14F5FADE6A265 /* Views/Video/VideoLibraryView.swift in Sources */, EEB200CC6EE64E7AB1B08BB5 /* Views/Video/VideoPlayerView.swift in Sources */, 82928FBFDD974B7494AFABBF /* Views/Video/VideoTrackPickers.swift in Sources */); runOnlyForDeploymentPostprocessing = 0; };
/* End PBXSourcesBuildPhase section */

/* Begin XCBuildConfiguration section */
		2CA59474C68D4BB8917BF389 = {isa = XCBuildConfiguration; name = Debug; buildSettings = {ALWAYS_SEARCH_USER_PATHS = NO; CLANG_ENABLE_MODULES = YES; COPY_PHASE_STRIP = NO; DEBUG_INFORMATION_FORMAT = dwarf; ENABLE_TESTABILITY = YES; GCC_DYNAMIC_NO_PIC = NO; GCC_OPTIMIZATION_LEVEL = 0; IPHONEOS_DEPLOYMENT_TARGET = 17.0; MTL_ENABLE_DEBUG_INFO = INCLUDE_SOURCE; ONLY_ACTIVE_ARCH = YES; SDKROOT = iphoneos; SWIFT_ACTIVE_COMPILATION_CONDITIONS = DEBUG; SWIFT_OPTIMIZATION_LEVEL = "-Onone"; }; };
		3247DC4D39454A94AD44D62B = {isa = XCBuildConfiguration; name = Release; buildSettings = {ALWAYS_SEARCH_USER_PATHS = NO; CLANG_ENABLE_MODULES = YES; COPY_PHASE_STRIP = NO; DEBUG_INFORMATION_FORMAT = "dwarf-with-dsym"; IPHONEOS_DEPLOYMENT_TARGET = 17.0; SDKROOT = iphoneos; SWIFT_COMPILATION_MODE = wholemodule; VALIDATE_PRODUCT = YES; }; };
		8A8CB32949A0482982109AFD = {isa = XCBuildConfiguration; name = Debug; buildSettings = {ASSETCATALOG_COMPILER_APPICON_NAME = AppIcon; ASSETCATALOG_COMPILER_GLOBAL_ACCENT_COLOR_NAME = AccentColor; CODE_SIGN_ENTITLEMENTS = EOSMusic/Resources/EOSMusic.entitlements; CODE_SIGN_STYLE = Automatic; CURRENT_PROJECT_VERSION = 5; DEVELOPMENT_TEAM = NW3YW69KL9; GENERATE_INFOPLIST_FILE = NO; INFOPLIST_FILE = EOSMusic/Resources/Info.plist; INFOPLIST_KEY_CFBundleDisplayName = "EOS™ Music"; INFOPLIST_KEY_LSApplicationCategoryType = "public.app-category.music"; IPHONEOS_DEPLOYMENT_TARGET = 17.0; LD_RUNPATH_SEARCH_PATHS = ("$(inherited)", "@executable_path/Frameworks"); FRAMEWORK_SEARCH_PATHS = ("$(inherited)", "$(PROJECT_DIR)/Vendor"); OTHER_LDFLAGS = ("$(inherited)", "-ObjC"); ENABLE_BITCODE = NO; MARKETING_VERSION = 1.0.0; PRODUCT_BUNDLE_IDENTIFIER = pl.nostalgie.eosmusic; PRODUCT_NAME = "$(TARGET_NAME)"; SWIFT_EMIT_LOC_STRINGS = YES; SWIFT_VERSION = 5.0; TARGETED_DEVICE_FAMILY = "1,2"; }; };
		00EE6B3BC78A425F8FFE16C7 = {isa = XCBuildConfiguration; name = Release; buildSettings = {ASSETCATALOG_COMPILER_APPICON_NAME = AppIcon; ASSETCATALOG_COMPILER_GLOBAL_ACCENT_COLOR_NAME = AccentColor; CODE_SIGN_ENTITLEMENTS = EOSMusic/Resources/EOSMusic.entitlements; CODE_SIGN_STYLE = Automatic; CURRENT_PROJECT_VERSION = 5; DEVELOPMENT_TEAM = NW3YW69KL9; GENERATE_INFOPLIST_FILE = NO; INFOPLIST_FILE = EOSMusic/Resources/Info.plist; INFOPLIST_KEY_CFBundleDisplayName = "EOS™ Music"; INFOPLIST_KEY_LSApplicationCategoryType = "public.app-category.music"; IPHONEOS_DEPLOYMENT_TARGET = 17.0; LD_RUNPATH_SEARCH_PATHS = ("$(inherited)", "@executable_path/Frameworks"); FRAMEWORK_SEARCH_PATHS = ("$(inherited)", "$(PROJECT_DIR)/Vendor"); OTHER_LDFLAGS = ("$(inherited)", "-ObjC"); ENABLE_BITCODE = NO; MARKETING_VERSION = 1.0.0; PRODUCT_BUNDLE_IDENTIFIER = pl.nostalgie.eosmusic; PRODUCT_NAME = "$(TARGET_NAME)"; SWIFT_EMIT_LOC_STRINGS = YES; SWIFT_VERSION = 5.0; TARGETED_DEVICE_FAMILY = "1,2"; }; };
/* End XCBuildConfiguration section */

/* Begin XCConfigurationList section */
		1DFBE7F0F2794E4FA7AA8C6A = {isa = XCConfigurationList; buildConfigurations = (2CA59474C68D4BB8917BF389 /* Debug */, 3247DC4D39454A94AD44D62B /* Release */); defaultConfigurationIsVisible = 0; defaultConfigurationName = Release; };
		D9730CEC6AC94B29B470F39A = {isa = XCConfigurationList; buildConfigurations = (8A8CB32949A0482982109AFD /* Debug */, 00EE6B3BC78A425F8FFE16C7 /* Release */); defaultConfigurationIsVisible = 0; defaultConfigurationName = Release; };
/* End XCConfigurationList section */
	};
	rootObject = A2FF9D7F10FE4635BF4A7927;
}
